// !$*UTF8*$!
{
	archiveVersion = 1;
	classes = {
	};
	objectVersion = 46;
	objects = {

/* Begin PBXBuildFile section */
		42A6A58118CBA3BF0043233C /* Foundation.framework in Frameworks */ = {isa = PBXBuildFile; fileRef = 42A6A58018CBA3BF0043233C /* Foundation.framework */; };
		42A6A58318CBA3BF0043233C /* CoreGraphics.framework in Frameworks */ = {isa = PBXBuildFile; fileRef = 42A6A58218CBA3BF0043233C /* CoreGraphics.framework */; };
		42A6A58518CBA3BF0043233C /* UIKit.framework in Frameworks */ = {isa = PBXBuildFile; fileRef = 42A6A58418CBA3BF0043233C /* UIKit.framework */; };
		42A6A58B18CBA3BF0043233C /* InfoPlist.strings in Resources */ = {isa = PBXBuildFile; fileRef = 42A6A58918CBA3BF0043233C /* InfoPlist.strings */; };
		42A6A58D18CBA3BF0043233C /* main.m in Sources */ = {isa = PBXBuildFile; fileRef = 42A6A58C18CBA3BF0043233C /* main.m */; };
		42A6A59118CBA3BF0043233C /* AppDelegate.m in Sources */ = {isa = PBXBuildFile; fileRef = 42A6A59018CBA3BF0043233C /* AppDelegate.m */; };
		42A6A59418CBA3BF0043233C /* Main.storyboard in Resources */ = {isa = PBXBuildFile; fileRef = 42A6A59218CBA3BF0043233C /* Main.storyboard */; };
		42A6A59718CBA3BF0043233C /* ViewController.m in Sources */ = {isa = PBXBuildFile; fileRef = 42A6A59618CBA3BF0043233C /* ViewController.m */; };
		42A6A59918CBA3BF0043233C /* Images.xcassets in Resources */ = {isa = PBXBuildFile; fileRef = 42A6A59818CBA3BF0043233C /* Images.xcassets */; };
		42A6A5A018CBA3BF0043233C /* XCTest.framework in Frameworks */ = {isa = PBXBuildFile; fileRef = 42A6A59F18CBA3BF0043233C /* XCTest.framework */; };
		42A6A5A118CBA3BF0043233C /* Foundation.framework in Frameworks */ = {isa = PBXBuildFile; fileRef = 42A6A58018CBA3BF0043233C /* Foundation.framework */; };
		42A6A5A218CBA3BF0043233C /* UIKit.framework in Frameworks */ = {isa = PBXBuildFile; fileRef = 42A6A58418CBA3BF0043233C /* UIKit.framework */; };
		42A6A5AA18CBA3BF0043233C /* InfoPlist.strings in Resources */ = {isa = PBXBuildFile; fileRef = 42A6A5A818CBA3BF0043233C /* InfoPlist.strings */; };
		42A6A5AC18CBA3BF0043233C /* icanvassTests.m in Sources */ = {isa = PBXBuildFile; fileRef = 42A6A5AB18CBA3BF0043233C /* icanvassTests.m */; };
/* End PBXBuildFile section */

/* Begin PBXContainerItemProxy section */
		42A6A5A318CBA3BF0043233C /* PBXContainerItemProxy */ = {
			isa = PBXContainerItemProxy;
			containerPortal = 42A6A57518CBA3BF0043233C /* Project object */;
			proxyType = 1;
			remoteGlobalIDString = 42A6A57C18CBA3BF0043233C;
			remoteInfo = icanvass;
		};
/* End PBXContainerItemProxy section */

/* Begin PBXFileReference section */
		42A6A57D18CBA3BF0043233C /* icanvass.app */ = {isa = PBXFileReference; explicitFileType = wrapper.application; includeInIndex = 0; path = icanvass.app; sourceTree = BUILT_PRODUCTS_DIR; };
		42A6A58018CBA3BF0043233C /* Foundation.framework */ = {isa = PBXFileReference; lastKnownFileType = wrapper.framework; name = Foundation.framework; path = System/Library/Frameworks/Foundation.framework; sourceTree = SDKROOT; };
		42A6A58218CBA3BF0043233C /* CoreGraphics.framework */ = {isa = PBXFileReference; lastKnownFileType = wrapper.framework; name = CoreGraphics.framework; path = System/Library/Frameworks/CoreGraphics.framework; sourceTree = SDKROOT; };
		42A6A58418CBA3BF0043233C /* UIKit.framework */ = {isa = PBXFileReference; lastKnownFileType = wrapper.framework; name = UIKit.framework; path = System/Library/Frameworks/UIKit.framework; sourceTree = SDKROOT; };
		42A6A58818CBA3BF0043233C /* icanvass-Info.plist */ = {isa = PBXFileReference; lastKnownFileType = text.plist.xml; path = "icanvass-Info.plist"; sourceTree = "<group>"; };
		42A6A58A18CBA3BF0043233C /* en */ = {isa = PBXFileReference; lastKnownFileType = text.plist.strings; name = en; path = en.lproj/InfoPlist.strings; sourceTree = "<group>"; };
		42A6A58C18CBA3BF0043233C /* main.m */ = {isa = PBXFileReference; lastKnownFileType = sourcecode.c.objc; path = main.m; sourceTree = "<group>"; };
		42A6A58E18CBA3BF0043233C /* icanvass-Prefix.pch */ = {isa = PBXFileReference; lastKnownFileType = sourcecode.c.h; path = "icanvass-Prefix.pch"; sourceTree = "<group>"; };
		42A6A58F18CBA3BF0043233C /* AppDelegate.h */ = {isa = PBXFileReference; lastKnownFileType = sourcecode.c.h; path = AppDelegate.h; sourceTree = "<group>"; };
		42A6A59018CBA3BF0043233C /* AppDelegate.m */ = {isa = PBXFileReference; lastKnownFileType = sourcecode.c.objc; path = AppDelegate.m; sourceTree = "<group>"; };
		42A6A59318CBA3BF0043233C /* Base */ = {isa = PBXFileReference; lastKnownFileType = file.storyboard; name = Base; path = Base.lproj/Main.storyboard; sourceTree = "<group>"; };
		42A6A59518CBA3BF0043233C /* ViewController.h */ = {isa = PBXFileReference; lastKnownFileType = sourcecode.c.h; path = ViewController.h; sourceTree = "<group>"; };
		42A6A59618CBA3BF0043233C /* ViewController.m */ = {isa = PBXFileReference; lastKnownFileType = sourcecode.c.objc; path = ViewController.m; sourceTree = "<group>"; };
		42A6A59818CBA3BF0043233C /* Images.xcassets */ = {isa = PBXFileReference; lastKnownFileType = folder.assetcatalog; path = Images.xcassets; sourceTree = "<group>"; };
		42A6A59E18CBA3BF0043233C /* icanvassTests.xctest */ = {isa = PBXFileReference; explicitFileType = wrapper.cfbundle; includeInIndex = 0; path = icanvassTests.xctest; sourceTree = BUILT_PRODUCTS_DIR; };
		42A6A59F18CBA3BF0043233C /* XCTest.framework */ = {isa = PBXFileReference; lastKnownFileType = wrapper.framework; name = XCTest.framework; path = Library/Frameworks/XCTest.framework; sourceTree = DEVELOPER_DIR; };
		42A6A5A718CBA3BF0043233C /* icanvassTests-Info.plist */ = {isa = PBXFileReference; lastKnownFileType = text.plist.xml; path = "icanvassTests-Info.plist"; sourceTree = "<group>"; };
		42A6A5A918CBA3BF0043233C /* en */ = {isa = PBXFileReference; lastKnownFileType = text.plist.strings; name = en; path = en.lproj/InfoPlist.strings; sourceTree = "<group>"; };
		42A6A5AB18CBA3BF0043233C /* icanvassTests.m */ = {isa = PBXFileReference; lastKnownFileType = sourcecode.c.objc; path = icanvassTests.m; sourceTree = "<group>"; };
/* End PBXFileReference section */

/* Begin PBXFrameworksBuildPhase section */
		42A6A57A18CBA3BF0043233C /* Frameworks */ = {
			isa = PBXFrameworksBuildPhase;
			buildActionMask = 2147483647;
			files = (
				42A6A58318CBA3BF0043233C /* CoreGraphics.framework in Frameworks */,
				42A6A58518CBA3BF0043233C /* UIKit.framework in Frameworks */,
				42A6A58118CBA3BF0043233C /* Foundation.framework in Frameworks */,
			);
			runOnlyForDeploymentPostprocessing = 0;
		};
		42A6A59B18CBA3BF0043233C /* Frameworks */ = {
			isa = PBXFrameworksBuildPhase;
			buildActionMask = 2147483647;
			files = (
				42A6A5A018CBA3BF0043233C /* XCTest.framework in Frameworks */,
				42A6A5A218CBA3BF0043233C /* UIKit.framework in Frameworks */,
				42A6A5A118CBA3BF0043233C /* Foundation.framework in Frameworks */,
			);
			runOnlyForDeploymentPostprocessing = 0;
		};
/* End PBXFrameworksBuildPhase section */

/* Begin PBXGroup section */
		42A6A57418CBA3BF0043233C = {
			isa = PBXGroup;
			children = (
				42A6A58618CBA3BF0043233C /* icanvass */,
				42A6A5A518CBA3BF0043233C /* icanvassTests */,
				42A6A57F18CBA3BF0043233C /* Frameworks */,
				42A6A57E18CBA3BF0043233C /* Products */,
			);
			sourceTree = "<group>";
		};
		42A6A57E18CBA3BF0043233C /* Products */ = {
			isa = PBXGroup;
			children = (
				42A6A57D18CBA3BF0043233C /* icanvass.app */,
				42A6A59E18CBA3BF0043233C /* icanvassTests.xctest */,
			);
			name = Products;
			sourceTree = "<group>";
		};
		42A6A57F18CBA3BF0043233C /* Frameworks */ = {
			isa = PBXGroup;
			children = (
				42A6A58018CBA3BF0043233C /* Foundation.framework */,
				42A6A58218CBA3BF0043233C /* CoreGraphics.framework */,
				42A6A58418CBA3BF0043233C /* UIKit.framework */,
				42A6A59F18CBA3BF0043233C /* XCTest.framework */,
			);
			name = Frameworks;
			sourceTree = "<group>";
		};
		42A6A58618CBA3BF0043233C /* icanvass */ = {
			isa = PBXGroup;
			children = (
				42A6A58F18CBA3BF0043233C /* AppDelegate.h */,
				42A6A59018CBA3BF0043233C /* AppDelegate.m */,
				42A6A59218CBA3BF0043233C /* Main.storyboard */,
				42A6A59518CBA3BF0043233C /* ViewController.h */,
				42A6A59618CBA3BF0043233C /* ViewController.m */,
				42A6A59818CBA3BF0043233C /* Images.xcassets */,
				42A6A58718CBA3BF0043233C /* Supporting Files */,
			);
			path = icanvass;
			sourceTree = "<group>";
		};
		42A6A58718CBA3BF0043233C /* Supporting Files */ = {
			isa = PBXGroup;
			children = (
				42A6A58818CBA3BF0043233C /* icanvass-Info.plist */,
				42A6A58918CBA3BF0043233C /* InfoPlist.strings */,
				42A6A58C18CBA3BF0043233C /* main.m */,
				42A6A58E18CBA3BF0043233C /* icanvass-Prefix.pch */,
			);
			name = "Supporting Files";
			sourceTree = "<group>";
		};
		42A6A5A518CBA3BF0043233C /* icanvassTests */ = {
			isa = PBXGroup;
			children = (
				42A6A5AB18CBA3BF0043233C /* icanvassTests.m */,
				42A6A5A618CBA3BF0043233C /* Supporting Files */,
			);
			path = icanvassTests;
			sourceTree = "<group>";
		};
		42A6A5A618CBA3BF0043233C /* Supporting Files */ = {
			isa = PBXGroup;
			children = (
				42A6A5A718CBA3BF0043233C /* icanvassTests-Info.plist */,
				42A6A5A818CBA3BF0043233C /* InfoPlist.strings */,
			);
			name = "Supporting Files";
			sourceTree = "<group>";
		};
/* End PBXGroup section */

/* Begin PBXNativeTarget section */
		42A6A57C18CBA3BF0043233C /* icanvass */ = {
			isa = PBXNativeTarget;
			buildConfigurationList = 42A6A5AF18CBA3BF0043233C /* Build configuration list for PBXNativeTarget "icanvass" */;
			buildPhases = (
				42A6A57918CBA3BF0043233C /* Sources */,
				42A6A57A18CBA3BF0043233C /* Frameworks */,
				42A6A57B18CBA3BF0043233C /* Resources */,
			);
			buildRules = (
			);
			dependencies = (
			);
			name = icanvass;
			productName = icanvass;
			productReference = 42A6A57D18CBA3BF0043233C /* icanvass.app */;
			productType = "com.apple.product-type.application";
		};
		42A6A59D18CBA3BF0043233C /* icanvassTests */ = {
			isa = PBXNativeTarget;
			buildConfigurationList = 42A6A5B218CBA3BF0043233C /* Build configuration list for PBXNativeTarget "icanvassTests" */;
			buildPhases = (
				42A6A59A18CBA3BF0043233C /* Sources */,
				42A6A59B18CBA3BF0043233C /* Frameworks */,
				42A6A59C18CBA3BF0043233C /* Resources */,
			);
			buildRules = (
			);
			dependencies = (
				42A6A5A418CBA3BF0043233C /* PBXTargetDependency */,
			);
			name = icanvassTests;
			productName = icanvassTests;
			productReference = 42A6A59E18CBA3BF0043233C /* icanvassTests.xctest */;
			productType = "com.apple.product-type.bundle.unit-test";
		};
/* End PBXNativeTarget section */

/* Begin PBXProject section */
		42A6A57518CBA3BF0043233C /* Project object */ = {
			isa = PBXProject;
			attributes = {
				LastUpgradeCheck = 0500;
				ORGANIZATIONNAME = "Roman Kot";
				TargetAttributes = {
					42A6A59D18CBA3BF0043233C = {
						TestTargetID = 42A6A57C18CBA3BF0043233C;
					};
				};
			};
			buildConfigurationList = 42A6A57818CBA3BF0043233C /* Build configuration list for PBXProject "icanvass" */;
			compatibilityVersion = "Xcode 3.2";
			developmentRegion = English;
			hasScannedForEncodings = 0;
			knownRegions = (
				en,
				Base,
			);
			mainGroup = 42A6A57418CBA3BF0043233C;
			productRefGroup = 42A6A57E18CBA3BF0043233C /* Products */;
			projectDirPath = "";
			projectRoot = "";
			targets = (
				42A6A57C18CBA3BF0043233C /* icanvass */,
				42A6A59D18CBA3BF0043233C /* icanvassTests */,
			);
		};
/* End PBXProject section */

/* Begin PBXResourcesBuildPhase section */
		42A6A57B18CBA3BF0043233C /* Resources */ = {
			isa = PBXResourcesBuildPhase;
			buildActionMask = 2147483647;
			files = (
				42A6A59918CBA3BF0043233C /* Images.xcassets in Resources */,
				42A6A58B18CBA3BF0043233C /* InfoPlist.strings in Resources */,
				42A6A59418CBA3BF0043233C /* Main.storyboard in Resources */,
			);
			runOnlyForDeploymentPostprocessing = 0;
		};
		42A6A59C18CBA3BF0043233C /* Resources */ = {
			isa = PBXResourcesBuildPhase;
			buildActionMask = 2147483647;
			files = (
				42A6A5AA18CBA3BF0043233C /* InfoPlist.strings in Resources */,
			);
			runOnlyForDeploymentPostprocessing = 0;
		};
/* End PBXResourcesBuildPhase section */

/* Begin PBXSourcesBuildPhase section */
		42A6A57918CBA3BF0043233C /* Sources */ = {
			isa = PBXSourcesBuildPhase;
			buildActionMask = 2147483647;
			files = (
				42A6A59718CBA3BF0043233C /* ViewController.m in Sources */,
				42A6A59118CBA3BF0043233C /* AppDelegate.m in Sources */,
				42A6A58D18CBA3BF0043233C /* main.m in Sources */,
			);
			runOnlyForDeploymentPostprocessing = 0;
		};
		42A6A59A18CBA3BF0043233C /* Sources */ = {
			isa = PBXSourcesBuildPhase;
			buildActionMask = 2147483647;
			files = (
				42A6A5AC18CBA3BF0043233C /* icanvassTests.m in Sources */,
			);
			runOnlyForDeploymentPostprocessing = 0;
		};
/* End PBXSourcesBuildPhase section */

/* Begin PBXTargetDependency section */
		42A6A5A418CBA3BF0043233C /* PBXTargetDependency */ = {
			isa = PBXTargetDependency;
			target = 42A6A57C18CBA3BF0043233C /* icanvass */;
			targetProxy = 42A6A5A318CBA3BF0043233C /* PBXContainerItemProxy */;
		};
/* End PBXTargetDependency section */

/* Begin PBXVariantGroup section */
		42A6A58918CBA3BF0043233C /* InfoPlist.strings */ = {
			isa = PBXVariantGroup;
			children = (
				42A6A58A18CBA3BF0043233C /* en */,
			);
			name = InfoPlist.strings;
			sourceTree = "<group>";
		};
		42A6A59218CBA3BF0043233C /* Main.storyboard */ = {
			isa = PBXVariantGroup;
			children = (
				42A6A59318CBA3BF0043233C /* Base */,
			);
			name = Main.storyboard;
			sourceTree = "<group>";
		};
		42A6A5A818CBA3BF0043233C /* InfoPlist.strings */ = {
			isa = PBXVariantGroup;
			children = (
				42A6A5A918CBA3BF0043233C /* en */,
			);
			name = InfoPlist.strings;
			sourceTree = "<group>";
		};
/* End PBXVariantGroup section */

/* Begin XCBuildConfiguration section */
		42A6A5AD18CBA3BF0043233C /* Debug */ = {
			isa = XCBuildConfiguration;
			buildSettings = {
				ALWAYS_SEARCH_USER_PATHS = NO;
				ARCHS = "$(ARCHS_STANDARD_INCLUDING_64_BIT)";
				CLANG_CXX_LANGUAGE_STANDARD = "gnu++0x";
				CLANG_CXX_LIBRARY = "libc++";
				CLANG_ENABLE_MODULES = YES;
				CLANG_ENABLE_OBJC_ARC = YES;
				CLANG_WARN_BOOL_CONVERSION = YES;
				CLANG_WARN_CONSTANT_CONVERSION = YES;
				CLANG_WARN_DIRECT_OBJC_ISA_USAGE = YES_ERROR;
				CLANG_WARN_EMPTY_BODY = YES;
				CLANG_WARN_ENUM_CONVERSION = YES;
				CLANG_WARN_INT_CONVERSION = YES;
				CLANG_WARN_OBJC_ROOT_CLASS = YES_ERROR;
				CLANG_WARN__DUPLICATE_METHOD_MATCH = YES;
				"CODE_SIGN_IDENTITY[sdk=iphoneos*]" = "iPhone Developer";
				COPY_PHASE_STRIP = NO;
				GCC_C_LANGUAGE_STANDARD = gnu99;
				GCC_DYNAMIC_NO_PIC = NO;
				GCC_OPTIMIZATION_LEVEL = 0;
				GCC_PREPROCESSOR_DEFINITIONS = (
					"DEBUG=1",
					"$(inherited)",
				);
				GCC_SYMBOLS_PRIVATE_EXTERN = NO;
				GCC_WARN_64_TO_32_BIT_CONVERSION = YES;
				GCC_WARN_ABOUT_RETURN_TYPE = YES_ERROR;
				GCC_WARN_UNDECLARED_SELECTOR = YES;
				GCC_WARN_UNINITIALIZED_AUTOS = YES;
				GCC_WARN_UNUSED_FUNCTION = YES;
				GCC_WARN_UNUSED_VARIABLE = YES;
				IPHONEOS_DEPLOYMENT_TARGET = 7.0;
				ONLY_ACTIVE_ARCH = YES;
				SDKROOT = iphoneos;
			};
			name = Debug;
		};
		42A6A5AE18CBA3BF0043233C /* Release */ = {
			isa = XCBuildConfiguration;
			buildSettings = {
				ALWAYS_SEARCH_USER_PATHS = NO;
				ARCHS = "$(ARCHS_STANDARD_INCLUDING_64_BIT)";
				CLANG_CXX_LANGUAGE_STANDARD = "gnu++0x";
				CLANG_CXX_LIBRARY = "libc++";
				CLANG_ENABLE_MODULES = YES;
				CLANG_ENABLE_OBJC_ARC = YES;
				CLANG_WARN_BOOL_CONVERSION = YES;
				CLANG_WARN_CONSTANT_CONVERSION = YES;
				CLANG_WARN_DIRECT_OBJC_ISA_USAGE = YES_ERROR;
				CLANG_WARN_EMPTY_BODY = YES;
				CLANG_WARN_ENUM_CONVERSION = YES;
				CLANG_WARN_INT_CONVERSION = YES;
				CLANG_WARN_OBJC_ROOT_CLASS = YES_ERROR;
				CLANG_WARN__DUPLICATE_METHOD_MATCH = YES;
				"CODE_SIGN_IDENTITY[sdk=iphoneos*]" = "iPhone Developer";
				COPY_PHASE_STRIP = YES;
				ENABLE_NS_ASSERTIONS = NO;
				GCC_C_LANGUAGE_STANDARD = gnu99;
				GCC_WARN_64_TO_32_BIT_CONVERSION = YES;
				GCC_WARN_ABOUT_RETURN_TYPE = YES_ERROR;
				GCC_WARN_UNDECLARED_SELECTOR = YES;
				GCC_WARN_UNINITIALIZED_AUTOS = YES;
				GCC_WARN_UNUSED_FUNCTION = YES;
				GCC_WARN_UNUSED_VARIABLE = YES;
				IPHONEOS_DEPLOYMENT_TARGET = 7.0;
				SDKROOT = iphoneos;
				VALIDATE_PRODUCT = YES;
			};
			name = Release;
		};
		42A6A5B018CBA3BF0043233C /* Debug */ = {
			isa = XCBuildConfiguration;
			buildSettings = {
				ASSETCATALOG_COMPILER_APPICON_NAME = AppIcon;
				ASSETCATALOG_COMPILER_LAUNCHIMAGE_NAME = LaunchImage;
				GCC_PRECOMPILE_PREFIX_HEADER = YES;
				GCC_PREFIX_HEADER = "icanvass/icanvass-Prefix.pch";
				INFOPLIST_FILE = "icanvass/icanvass-Info.plist";
				PRODUCT_NAME = "$(TARGET_NAME)";
				WRAPPER_EXTENSION = app;
			};
			name = Debug;
		};
		42A6A5B118CBA3BF0043233C /* Release */ = {
			isa = XCBuildConfiguration;
			buildSettings = {
				ASSETCATALOG_COMPILER_APPICON_NAME = AppIcon;
				ASSETCATALOG_COMPILER_LAUNCHIMAGE_NAME = LaunchImage;
				GCC_PRECOMPILE_PREFIX_HEADER = YES;
				GCC_PREFIX_HEADER = "icanvass/icanvass-Prefix.pch";
				INFOPLIST_FILE = "icanvass/icanvass-Info.plist";
				PRODUCT_NAME = "$(TARGET_NAME)";
				WRAPPER_EXTENSION = app;
			};
			name = Release;
		};
		42A6A5B318CBA3BF0043233C /* Debug */ = {
			isa = XCBuildConfiguration;
			buildSettings = {
				ARCHS = "$(ARCHS_STANDARD_INCLUDING_64_BIT)";
				BUNDLE_LOADER = "$(BUILT_PRODUCTS_DIR)/icanvass.app/icanvass";
				FRAMEWORK_SEARCH_PATHS = (
					"$(SDKROOT)/Developer/Library/Frameworks",
					"$(inherited)",
					"$(DEVELOPER_FRAMEWORKS_DIR)",
				);
				GCC_PRECOMPILE_PREFIX_HEADER = YES;
				GCC_PREFIX_HEADER = "icanvass/icanvass-Prefix.pch";
				GCC_PREPROCESSOR_DEFINITIONS = (
					"DEBUG=1",
					"$(inherited)",
				);
				INFOPLIST_FILE = "icanvassTests/icanvassTests-Info.plist";
				PRODUCT_NAME = "$(TARGET_NAME)";
				TEST_HOST = "$(BUNDLE_LOADER)";
				WRAPPER_EXTENSION = xctest;
			};
			name = Debug;
		};
		42A6A5B418CBA3BF0043233C /* Release */ = {
			isa = XCBuildConfiguration;
			buildSettings = {
				ARCHS = "$(ARCHS_STANDARD_INCLUDING_64_BIT)";
				BUNDLE_LOADER = "$(BUILT_PRODUCTS_DIR)/icanvass.app/icanvass";
				FRAMEWORK_SEARCH_PATHS = (
					"$(SDKROOT)/Developer/Library/Frameworks",
					"$(inherited)",
					"$(DEVELOPER_FRAMEWORKS_DIR)",
				);
				GCC_PRECOMPILE_PREFIX_HEADER = YES;
				GCC_PREFIX_HEADER = "icanvass/icanvass-Prefix.pch";
				INFOPLIST_FILE = "icanvassTests/icanvassTests-Info.plist";
				PRODUCT_NAME = "$(TARGET_NAME)";
				TEST_HOST = "$(BUNDLE_LOADER)";
				WRAPPER_EXTENSION = xctest;
			};
			name = Release;
		};
/* End XCBuildConfiguration section */

/* Begin XCConfigurationList section */
		42A6A57818CBA3BF0043233C /* Build configuration list for PBXProject "icanvass" */ = {
			isa = XCConfigurationList;
			buildConfigurations = (
				42A6A5AD18CBA3BF0043233C /* Debug */,
				42A6A5AE18CBA3BF0043233C /* Release */,
			);
			defaultConfigurationIsVisible = 0;
			defaultConfigurationName = Release;
		};
		42A6A5AF18CBA3BF0043233C /* Build configuration list for PBXNativeTarget "icanvass" */ = {
			isa = XCConfigurationList;
			buildConfigurations = (
				42A6A5B018CBA3BF0043233C /* Debug */,
				42A6A5B118CBA3BF0043233C /* Release */,
			);
			defaultConfigurationIsVisible = 0;
		};
		42A6A5B218CBA3BF0043233C /* Build configuration list for PBXNativeTarget "icanvassTests" */ = {
			isa = XCConfigurationList;
			buildConfigurations = (
				42A6A5B318CBA3BF0043233C /* Debug */,
				42A6A5B418CBA3BF0043233C /* Release */,
			);
			defaultConfigurationIsVisible = 0;
		};
/* End XCConfigurationList section */
	};
	rootObject = 42A6A57518CBA3BF0043233C /* Project object */;
}
