// !$*UTF8*$!
{
	archiveVersion = 1;
	classes = {
	};
	objectVersion = 46;
	objects = {

/* Begin PBXBuildFile section */
		4226928B193B563D00FD0BE9 /* BugSense-iOS.framework in Frameworks */ = {isa = PBXBuildFile; fileRef = 4226928A193B563D00FD0BE9 /* BugSense-iOS.framework */; };
		42284F0C18D10FC60087941E /* DetailsViewController.m in Sources */ = {isa = PBXBuildFile; fileRef = 42284F0B18D10FC60087941E /* DetailsViewController.m */; };
		42284F5218D252970087941E /* CoreData.framework in Frameworks */ = {isa = PBXBuildFile; fileRef = 42284F5118D252970087941E /* CoreData.framework */; };
		42284F5418D253F60087941E /* pins.xcdatamodel in Sources */ = {isa = PBXBuildFile; fileRef = 42284F5318D253F60087941E /* pins.xcdatamodel */; };
		42284F5D18D254020087941E /* Pin.m in Sources */ = {isa = PBXBuildFile; fileRef = 42284F5618D254020087941E /* Pin.m */; };
		42284F5E18D254020087941E /* Status.m in Sources */ = {isa = PBXBuildFile; fileRef = 42284F5818D254020087941E /* Status.m */; };
		42284F5F18D254020087941E /* Location.m in Sources */ = {isa = PBXBuildFile; fileRef = 42284F5A18D254020087941E /* Location.m */; };
		42284F6018D254020087941E /* User.m in Sources */ = {isa = PBXBuildFile; fileRef = 42284F5C18D254020087941E /* User.m */; };
		42284F6418D256A20087941E /* GoogleMaps.framework in Frameworks */ = {isa = PBXBuildFile; fileRef = 42284F6318D256A20087941E /* GoogleMaps.framework */; };
		42284F6618D256DB0087941E /* GoogleMaps.bundle in Resources */ = {isa = PBXBuildFile; fileRef = 42284F6518D256DB0087941E /* GoogleMaps.bundle */; };
		42284F6818D256FA0087941E /* AVFoundation.framework in Frameworks */ = {isa = PBXBuildFile; fileRef = 42284F6718D256FA0087941E /* AVFoundation.framework */; };
		42284F6A18D257010087941E /* CoreLocation.framework in Frameworks */ = {isa = PBXBuildFile; fileRef = 42284F6918D257010087941E /* CoreLocation.framework */; };
		42284F6C18D2570A0087941E /* CoreText.framework in Frameworks */ = {isa = PBXBuildFile; fileRef = 42284F6B18D2570A0087941E /* CoreText.framework */; };
		42284F6E18D2571D0087941E /* GLKit.framework in Frameworks */ = {isa = PBXBuildFile; fileRef = 42284F6D18D2571D0087941E /* GLKit.framework */; };
		42284F7018D257260087941E /* ImageIO.framework in Frameworks */ = {isa = PBXBuildFile; fileRef = 42284F6F18D257260087941E /* ImageIO.framework */; };
		42284F7218D257330087941E /* libc++.dylib in Frameworks */ = {isa = PBXBuildFile; fileRef = 42284F7118D257330087941E /* libc++.dylib */; };
		42284F7418D2573E0087941E /* libicucore.dylib in Frameworks */ = {isa = PBXBuildFile; fileRef = 42284F7318D2573E0087941E /* libicucore.dylib */; };
		42284F7618D2574B0087941E /* libz.dylib in Frameworks */ = {isa = PBXBuildFile; fileRef = 42284F7518D2574B0087941E /* libz.dylib */; };
		42284F7818D2575A0087941E /* OpenGLES.framework in Frameworks */ = {isa = PBXBuildFile; fileRef = 42284F7718D2575A0087941E /* OpenGLES.framework */; };
		42284F7A18D257770087941E /* QuartzCore.framework in Frameworks */ = {isa = PBXBuildFile; fileRef = 42284F7918D257770087941E /* QuartzCore.framework */; };
		42284F7C18D257820087941E /* SystemConfiguration.framework in Frameworks */ = {isa = PBXBuildFile; fileRef = 42284F7B18D257820087941E /* SystemConfiguration.framework */; };
		42284F9218D26AF10087941E /* AFHTTPRequestOperation.m in Sources */ = {isa = PBXBuildFile; fileRef = 42284F8018D26AF10087941E /* AFHTTPRequestOperation.m */; };
		42284F9318D26AF10087941E /* AFHTTPRequestOperationManager.m in Sources */ = {isa = PBXBuildFile; fileRef = 42284F8218D26AF10087941E /* AFHTTPRequestOperationManager.m */; };
		42284F9418D26AF10087941E /* AFHTTPSessionManager.m in Sources */ = {isa = PBXBuildFile; fileRef = 42284F8418D26AF10087941E /* AFHTTPSessionManager.m */; };
		42284F9518D26AF10087941E /* AFNetworkReachabilityManager.m in Sources */ = {isa = PBXBuildFile; fileRef = 42284F8718D26AF10087941E /* AFNetworkReachabilityManager.m */; };
		42284F9618D26AF10087941E /* AFSecurityPolicy.m in Sources */ = {isa = PBXBuildFile; fileRef = 42284F8918D26AF10087941E /* AFSecurityPolicy.m */; };
		42284F9718D26AF10087941E /* AFURLConnectionOperation.m in Sources */ = {isa = PBXBuildFile; fileRef = 42284F8B18D26AF10087941E /* AFURLConnectionOperation.m */; };
		42284F9818D26AF10087941E /* AFURLRequestSerialization.m in Sources */ = {isa = PBXBuildFile; fileRef = 42284F8D18D26AF10087941E /* AFURLRequestSerialization.m */; };
		42284F9918D26AF10087941E /* AFURLResponseSerialization.m in Sources */ = {isa = PBXBuildFile; fileRef = 42284F8F18D26AF10087941E /* AFURLResponseSerialization.m */; };
		42284F9A18D26AF10087941E /* AFURLSessionManager.m in Sources */ = {isa = PBXBuildFile; fileRef = 42284F9118D26AF10087941E /* AFURLSessionManager.m */; };
		42284F9D18D26B110087941E /* ICRequestManager.m in Sources */ = {isa = PBXBuildFile; fileRef = 42284F9C18D26B110087941E /* ICRequestManager.m */; };
		4239345A18E2F56E0041EF93 /* DatesPickerViewController.m in Sources */ = {isa = PBXBuildFile; fileRef = 4239345918E2F56E0041EF93 /* DatesPickerViewController.m */; };
		423EA49118E0B4DB00E22FF8 /* GoToWebsiteViewController.m in Sources */ = {isa = PBXBuildFile; fileRef = 423EA49018E0B4DB00E22FF8 /* GoToWebsiteViewController.m */; };
		427E8A1819005F290092504A /* logo@2x.png in Resources */ = {isa = PBXBuildFile; fileRef = 427E8A1719005F290092504A /* logo@2x.png */; };
		427E8A1B190081400092504A /* AlmostDoneViewController.m in Sources */ = {isa = PBXBuildFile; fileRef = 427E8A1A190081400092504A /* AlmostDoneViewController.m */; };
		427E8A1D1901B5CD0092504A /* Default-568h@2x.png in Resources */ = {isa = PBXBuildFile; fileRef = 427E8A1C1901B5CD0092504A /* Default-568h@2x.png */; };
		427E8A2E1901CFC30092504A /* AppIcon29x29.png in Resources */ = {isa = PBXBuildFile; fileRef = 427E8A1E1901CFC30092504A /* AppIcon29x29.png */; };
		427E8A2F1901CFC30092504A /* AppIcon29x29@2x.png in Resources */ = {isa = PBXBuildFile; fileRef = 427E8A1F1901CFC30092504A /* AppIcon29x29@2x.png */; };
		427E8A301901CFC30092504A /* AppIcon40x40.png in Resources */ = {isa = PBXBuildFile; fileRef = 427E8A201901CFC30092504A /* AppIcon40x40.png */; };
		427E8A311901CFC30092504A /* AppIcon40x40@2x.png in Resources */ = {isa = PBXBuildFile; fileRef = 427E8A211901CFC30092504A /* AppIcon40x40@2x.png */; };
		427E8A321901CFC30092504A /* AppIcon50x50.png in Resources */ = {isa = PBXBuildFile; fileRef = 427E8A221901CFC30092504A /* AppIcon50x50.png */; };
		427E8A331901CFC30092504A /* AppIcon50x50@2x.png in Resources */ = {isa = PBXBuildFile; fileRef = 427E8A231901CFC30092504A /* AppIcon50x50@2x.png */; };
		427E8A341901CFC30092504A /* AppIcon57x57.png in Resources */ = {isa = PBXBuildFile; fileRef = 427E8A241901CFC30092504A /* AppIcon57x57.png */; };
		427E8A351901CFC30092504A /* AppIcon57x57@2x.png in Resources */ = {isa = PBXBuildFile; fileRef = 427E8A251901CFC30092504A /* AppIcon57x57@2x.png */; };
		427E8A361901CFC30092504A /* AppIcon60x60.png in Resources */ = {isa = PBXBuildFile; fileRef = 427E8A261901CFC30092504A /* AppIcon60x60.png */; };
		427E8A371901CFC30092504A /* AppIcon60x60@2x.png in Resources */ = {isa = PBXBuildFile; fileRef = 427E8A271901CFC30092504A /* AppIcon60x60@2x.png */; };
		427E8A381901CFC30092504A /* AppIcon72x72.png in Resources */ = {isa = PBXBuildFile; fileRef = 427E8A281901CFC30092504A /* AppIcon72x72.png */; };
		427E8A391901CFC30092504A /* AppIcon72x72@2x.png in Resources */ = {isa = PBXBuildFile; fileRef = 427E8A291901CFC30092504A /* AppIcon72x72@2x.png */; };
		427E8A3A1901CFC30092504A /* AppIcon76x76.png in Resources */ = {isa = PBXBuildFile; fileRef = 427E8A2A1901CFC30092504A /* AppIcon76x76.png */; };
		427E8A3B1901CFC30092504A /* AppIcon76x76@2x.png in Resources */ = {isa = PBXBuildFile; fileRef = 427E8A2B1901CFC30092504A /* AppIcon76x76@2x.png */; };
		427E8A3C1901CFC30092504A /* iTunesArtwork.png in Resources */ = {isa = PBXBuildFile; fileRef = 427E8A2C1901CFC30092504A /* iTunesArtwork.png */; };
		427E8A3D1901CFC30092504A /* iTunesArtwork@2x.png in Resources */ = {isa = PBXBuildFile; fileRef = 427E8A2D1901CFC30092504A /* iTunesArtwork@2x.png */; };
		42A6A58118CBA3BF0043233C /* Foundation.framework in Frameworks */ = {isa = PBXBuildFile; fileRef = 42A6A58018CBA3BF0043233C /* Foundation.framework */; };
		42A6A58318CBA3BF0043233C /* CoreGraphics.framework in Frameworks */ = {isa = PBXBuildFile; fileRef = 42A6A58218CBA3BF0043233C /* CoreGraphics.framework */; };
		42A6A58518CBA3BF0043233C /* UIKit.framework in Frameworks */ = {isa = PBXBuildFile; fileRef = 42A6A58418CBA3BF0043233C /* UIKit.framework */; };
		42A6A58B18CBA3BF0043233C /* InfoPlist.strings in Resources */ = {isa = PBXBuildFile; fileRef = 42A6A58918CBA3BF0043233C /* InfoPlist.strings */; };
		42A6A58D18CBA3BF0043233C /* main.m in Sources */ = {isa = PBXBuildFile; fileRef = 42A6A58C18CBA3BF0043233C /* main.m */; };
		42A6A59118CBA3BF0043233C /* AppDelegate.m in Sources */ = {isa = PBXBuildFile; fileRef = 42A6A59018CBA3BF0043233C /* AppDelegate.m */; };
		42A6A59418CBA3BF0043233C /* Main.storyboard in Resources */ = {isa = PBXBuildFile; fileRef = 42A6A59218CBA3BF0043233C /* Main.storyboard */; };
		42A6A59718CBA3BF0043233C /* HomeViewController.m in Sources */ = {isa = PBXBuildFile; fileRef = 42A6A59618CBA3BF0043233C /* HomeViewController.m */; };
		42A6A59918CBA3BF0043233C /* Images.xcassets in Resources */ = {isa = PBXBuildFile; fileRef = 42A6A59818CBA3BF0043233C /* Images.xcassets */; };
		42A6A5A018CBA3BF0043233C /* XCTest.framework in Frameworks */ = {isa = PBXBuildFile; fileRef = 42A6A59F18CBA3BF0043233C /* XCTest.framework */; };
		42A6A5A118CBA3BF0043233C /* Foundation.framework in Frameworks */ = {isa = PBXBuildFile; fileRef = 42A6A58018CBA3BF0043233C /* Foundation.framework */; };
		42A6A5A218CBA3BF0043233C /* UIKit.framework in Frameworks */ = {isa = PBXBuildFile; fileRef = 42A6A58418CBA3BF0043233C /* UIKit.framework */; };
		42A6A5AA18CBA3BF0043233C /* InfoPlist.strings in Resources */ = {isa = PBXBuildFile; fileRef = 42A6A5A818CBA3BF0043233C /* InfoPlist.strings */; };
		42A6A5AC18CBA3BF0043233C /* icanvassTests.m in Sources */ = {isa = PBXBuildFile; fileRef = 42A6A5AB18CBA3BF0043233C /* icanvassTests.m */; };
		42A6A5B718CBB52C0043233C /* ListController.m in Sources */ = {isa = PBXBuildFile; fileRef = 42A6A5B618CBB52C0043233C /* ListController.m */; };
		42A6A5BA18CBB5470043233C /* MapController.m in Sources */ = {isa = PBXBuildFile; fileRef = 42A6A5B918CBB5470043233C /* MapController.m */; };
		42A7BEAC18D5B02900973EA8 /* utilities.m in Sources */ = {isa = PBXBuildFile; fileRef = 42A7BEAB18D5B02900973EA8 /* utilities.m */; };
		42A7BEAF18D7150200973EA8 /* PinTemp.m in Sources */ = {isa = PBXBuildFile; fileRef = 42A7BEAE18D7150200973EA8 /* PinTemp.m */; };
		42A7BEC218D719BF00973EA8 /* AFNetworkActivityIndicatorManager.m in Sources */ = {isa = PBXBuildFile; fileRef = 42A7BEB218D719BF00973EA8 /* AFNetworkActivityIndicatorManager.m */; };
		42A7BEC318D719BF00973EA8 /* UIActivityIndicatorView+AFNetworking.m in Sources */ = {isa = PBXBuildFile; fileRef = 42A7BEB418D719BF00973EA8 /* UIActivityIndicatorView+AFNetworking.m */; };
		42A7BEC418D719BF00973EA8 /* UIAlertView+AFNetworking.m in Sources */ = {isa = PBXBuildFile; fileRef = 42A7BEB618D719BF00973EA8 /* UIAlertView+AFNetworking.m */; };
		42A7BEC518D719BF00973EA8 /* UIButton+AFNetworking.m in Sources */ = {isa = PBXBuildFile; fileRef = 42A7BEB818D719BF00973EA8 /* UIButton+AFNetworking.m */; };
		42A7BEC618D719BF00973EA8 /* UIImageView+AFNetworking.m in Sources */ = {isa = PBXBuildFile; fileRef = 42A7BEBA18D719BF00973EA8 /* UIImageView+AFNetworking.m */; };
		42A7BEC718D719BF00973EA8 /* UIProgressView+AFNetworking.m in Sources */ = {isa = PBXBuildFile; fileRef = 42A7BEBD18D719BF00973EA8 /* UIProgressView+AFNetworking.m */; };
		42A7BEC818D719BF00973EA8 /* UIRefreshControl+AFNetworking.m in Sources */ = {isa = PBXBuildFile; fileRef = 42A7BEBF18D719BF00973EA8 /* UIRefreshControl+AFNetworking.m */; };
		42A7BEC918D719BF00973EA8 /* UIWebView+AFNetworking.m in Sources */ = {isa = PBXBuildFile; fileRef = 42A7BEC118D719BF00973EA8 /* UIWebView+AFNetworking.m */; };
		42A7BECD18D71D7400973EA8 /* PinCell.m in Sources */ = {isa = PBXBuildFile; fileRef = 42A7BECC18D71D7400973EA8 /* PinCell.m */; };
		42B3A66A18E5734800B46FBF /* PocketSVG.m in Sources */ = {isa = PBXBuildFile; fileRef = 42B3A66918E5734800B46FBF /* PocketSVG.m */; };
		42B3A67118E7161900B46FBF /* Fields.m in Sources */ = {isa = PBXBuildFile; fileRef = 42B3A67018E7161900B46FBF /* Fields.m */; };
		42B3A67418E8023300B46FBF /* DetailsTableViewCell.m in Sources */ = {isa = PBXBuildFile; fileRef = 42B3A67318E8023300B46FBF /* DetailsTableViewCell.m */; };
		42B3A67618E82FB900B46FBF /* InfoView.xib in Resources */ = {isa = PBXBuildFile; fileRef = 42B3A67518E82FB900B46FBF /* InfoView.xib */; };
		42B3A67F18E8903600B46FBF /* adduser@2x.png in Resources */ = {isa = PBXBuildFile; fileRef = 42B3A67718E8903600B46FBF /* adduser@2x.png */; };
		42B3A68018E8903600B46FBF /* delete@2x.png in Resources */ = {isa = PBXBuildFile; fileRef = 42B3A67818E8903600B46FBF /* delete@2x.png */; };
		42B3A68118E8903600B46FBF /* home@2x.png in Resources */ = {isa = PBXBuildFile; fileRef = 42B3A67918E8903600B46FBF /* home@2x.png */; };
		42B3A68218E8903600B46FBF /* logout@2x.png in Resources */ = {isa = PBXBuildFile; fileRef = 42B3A67A18E8903600B46FBF /* logout@2x.png */; };
		42B3A68318E8903600B46FBF /* questions@2x.png in Resources */ = {isa = PBXBuildFile; fileRef = 42B3A67B18E8903600B46FBF /* questions@2x.png */; };
		42B3A68418E8903600B46FBF /* reports@2x.png in Resources */ = {isa = PBXBuildFile; fileRef = 42B3A67C18E8903600B46FBF /* reports@2x.png */; };
		42B3A68518E8903600B46FBF /* satellite@2x.png in Resources */ = {isa = PBXBuildFile; fileRef = 42B3A67D18E8903600B46FBF /* satellite@2x.png */; };
		42B3A68618E8903600B46FBF /* support@2x.png in Resources */ = {isa = PBXBuildFile; fileRef = 42B3A67E18E8903600B46FBF /* support@2x.png */; };
		42B3A68818E891C200B46FBF /* status@2x.png in Resources */ = {isa = PBXBuildFile; fileRef = 42B3A68718E891C200B46FBF /* status@2x.png */; };
		42B3A68A18E89B2600B46FBF /* bg@2x.png in Resources */ = {isa = PBXBuildFile; fileRef = 42B3A68918E89B2600B46FBF /* bg@2x.png */; };
		42B3A69018E8C3E100B46FBF /* FreshdeskSDK.framework in Frameworks */ = {isa = PBXBuildFile; fileRef = 42B3A68E18E8C3E100B46FBF /* FreshdeskSDK.framework */; };
		42B3A69118E8C3E100B46FBF /* FreshdeskSDKResources.bundle in Resources */ = {isa = PBXBuildFile; fileRef = 42B3A68F18E8C3E100B46FBF /* FreshdeskSDKResources.bundle */; };
		42B3A6B918E8C5E700B46FBF /* Mixpanel.m in Sources */ = {isa = PBXBuildFile; fileRef = 42B3A69418E8C5E600B46FBF /* Mixpanel.m */; };
		42B3A6BA18E8C5E700B46FBF /* MPArrowLeft.png in Resources */ = {isa = PBXBuildFile; fileRef = 42B3A69518E8C5E600B46FBF /* MPArrowLeft.png */; };
		42B3A6BB18E8C5E700B46FBF /* MPArrowLeft@2x.png in Resources */ = {isa = PBXBuildFile; fileRef = 42B3A69618E8C5E600B46FBF /* MPArrowLeft@2x.png */; };
		42B3A6BC18E8C5E700B46FBF /* MPArrowRight.png in Resources */ = {isa = PBXBuildFile; fileRef = 42B3A69718E8C5E600B46FBF /* MPArrowRight.png */; };
		42B3A6BD18E8C5E700B46FBF /* MPArrowRight@2x.png in Resources */ = {isa = PBXBuildFile; fileRef = 42B3A69818E8C5E600B46FBF /* MPArrowRight@2x.png */; };
		42B3A6BE18E8C5E700B46FBF /* MPCheckmark.png in Resources */ = {isa = PBXBuildFile; fileRef = 42B3A69918E8C5E600B46FBF /* MPCheckmark.png */; };
		42B3A6BF18E8C5E700B46FBF /* MPCheckmark@2x.png in Resources */ = {isa = PBXBuildFile; fileRef = 42B3A69A18E8C5E600B46FBF /* MPCheckmark@2x.png */; };
		42B3A6C018E8C5E700B46FBF /* MPCloseBtn.png in Resources */ = {isa = PBXBuildFile; fileRef = 42B3A69B18E8C5E600B46FBF /* MPCloseBtn.png */; };
		42B3A6C118E8C5E700B46FBF /* MPCloseBtn@2x.png in Resources */ = {isa = PBXBuildFile; fileRef = 42B3A69C18E8C5E600B46FBF /* MPCloseBtn@2x.png */; };
		42B3A6C218E8C5E700B46FBF /* MPDismissKeyboard.png in Resources */ = {isa = PBXBuildFile; fileRef = 42B3A69D18E8C5E600B46FBF /* MPDismissKeyboard.png */; };
		42B3A6C318E8C5E700B46FBF /* MPDismissKeyboard@2x.png in Resources */ = {isa = PBXBuildFile; fileRef = 42B3A69E18E8C5E600B46FBF /* MPDismissKeyboard@2x.png */; };
		42B3A6C418E8C5E700B46FBF /* MPLogo.png in Resources */ = {isa = PBXBuildFile; fileRef = 42B3A69F18E8C5E700B46FBF /* MPLogo.png */; };
		42B3A6C518E8C5E700B46FBF /* MPLogo@2x.png in Resources */ = {isa = PBXBuildFile; fileRef = 42B3A6A018E8C5E700B46FBF /* MPLogo@2x.png */; };
		42B3A6C618E8C5E700B46FBF /* MPNotification.m in Sources */ = {isa = PBXBuildFile; fileRef = 42B3A6A218E8C5E700B46FBF /* MPNotification.m */; };
		42B3A6C718E8C5E700B46FBF /* MPNotification.storyboard in Resources */ = {isa = PBXBuildFile; fileRef = 42B3A6A318E8C5E700B46FBF /* MPNotification.storyboard */; };
		42B3A6C818E8C5E700B46FBF /* MPNotificationViewController.m in Sources */ = {isa = PBXBuildFile; fileRef = 42B3A6A518E8C5E700B46FBF /* MPNotificationViewController.m */; };
		42B3A6C918E8C5E700B46FBF /* MPSurvey.m in Sources */ = {isa = PBXBuildFile; fileRef = 42B3A6A718E8C5E700B46FBF /* MPSurvey.m */; };
		42B3A6CA18E8C5E700B46FBF /* MPSurvey.storyboard in Resources */ = {isa = PBXBuildFile; fileRef = 42B3A6A818E8C5E700B46FBF /* MPSurvey.storyboard */; };
		42B3A6CB18E8C5E700B46FBF /* MPSurveyNavigationController.m in Sources */ = {isa = PBXBuildFile; fileRef = 42B3A6AA18E8C5E700B46FBF /* MPSurveyNavigationController.m */; };
		42B3A6CC18E8C5E700B46FBF /* MPSurveyQuestion.m in Sources */ = {isa = PBXBuildFile; fileRef = 42B3A6AC18E8C5E700B46FBF /* MPSurveyQuestion.m */; };
		42B3A6CD18E8C5E700B46FBF /* MPSurveyQuestionViewController.m in Sources */ = {isa = PBXBuildFile; fileRef = 42B3A6AE18E8C5E700B46FBF /* MPSurveyQuestionViewController.m */; };
		42B3A6CE18E8C5E700B46FBF /* NSData+MPBase64.m in Sources */ = {isa = PBXBuildFile; fileRef = 42B3A6B018E8C5E700B46FBF /* NSData+MPBase64.m */; };
		42B3A6CF18E8C5E700B46FBF /* UIColor+MPColor.m in Sources */ = {isa = PBXBuildFile; fileRef = 42B3A6B218E8C5E700B46FBF /* UIColor+MPColor.m */; };
		42B3A6D018E8C5E700B46FBF /* UIImage+MPAverageColor.m in Sources */ = {isa = PBXBuildFile; fileRef = 42B3A6B418E8C5E700B46FBF /* UIImage+MPAverageColor.m */; };
		42B3A6D118E8C5E700B46FBF /* UIImage+MPImageEffects.m in Sources */ = {isa = PBXBuildFile; fileRef = 42B3A6B618E8C5E700B46FBF /* UIImage+MPImageEffects.m */; };
		42B3A6D218E8C5E700B46FBF /* UIView+MPSnapshotImage.m in Sources */ = {isa = PBXBuildFile; fileRef = 42B3A6B818E8C5E700B46FBF /* UIView+MPSnapshotImage.m */; };
		42B3A6D518E9781800B46FBF /* DatePickerViewController.m in Sources */ = {isa = PBXBuildFile; fileRef = 42B3A6D418E9781800B46FBF /* DatePickerViewController.m */; };
		42B3A6D818E9783500B46FBF /* DropDownViewController.m in Sources */ = {isa = PBXBuildFile; fileRef = 42B3A6D718E9783500B46FBF /* DropDownViewController.m */; };
		42BBFF2C18D395FA0065D4C3 /* LoginViewController.m in Sources */ = {isa = PBXBuildFile; fileRef = 42BBFF2B18D395FA0065D4C3 /* LoginViewController.m */; };
		42BBFF2F18D398210065D4C3 /* RegisterViewController.m in Sources */ = {isa = PBXBuildFile; fileRef = 42BBFF2E18D398210065D4C3 /* RegisterViewController.m */; };
		42BBFF3218D3996E0065D4C3 /* Pins.m in Sources */ = {isa = PBXBuildFile; fileRef = 42BBFF3118D3996E0065D4C3 /* Pins.m */; };
		42C35AE318E21E6700E83545 /* FilterViewController.m in Sources */ = {isa = PBXBuildFile; fileRef = 42C35AE218E21E6700E83545 /* FilterViewController.m */; };
		42D28CE318E06702005E1758 /* MMDrawerBarButtonItem.m in Sources */ = {isa = PBXBuildFile; fileRef = 42D28CDB18E06702005E1758 /* MMDrawerBarButtonItem.m */; };
		42D28CE418E06702005E1758 /* MMDrawerController.m in Sources */ = {isa = PBXBuildFile; fileRef = 42D28CDE18E06702005E1758 /* MMDrawerController.m */; };
		42D28CE518E06702005E1758 /* MMDrawerVisualState.m in Sources */ = {isa = PBXBuildFile; fileRef = 42D28CE018E06702005E1758 /* MMDrawerVisualState.m */; };
		42D28CE618E06702005E1758 /* UIViewController+MMDrawerController.m in Sources */ = {isa = PBXBuildFile; fileRef = 42D28CE218E06702005E1758 /* UIViewController+MMDrawerController.m */; };
		42D28CE918E08285005E1758 /* LeftDrawerViewController.m in Sources */ = {isa = PBXBuildFile; fileRef = 42D28CE818E08285005E1758 /* LeftDrawerViewController.m */; };
		42EF82EB18FBFA390045EB0E /* Users.m in Sources */ = {isa = PBXBuildFile; fileRef = 42EF82EA18FBFA390045EB0E /* Users.m */; };
		42FA1F6518E1DF970015D137 /* ListHeader.xib in Resources */ = {isa = PBXBuildFile; fileRef = 42FA1F6418E1DF970015D137 /* ListHeader.xib */; };
		73BFB8C0195D005600952C9A /* MessageUI.framework in Frameworks */ = {isa = PBXBuildFile; fileRef = 73BFB8BF195D005600952C9A /* MessageUI.framework */; };
		73BFB8C3195D670C00952C9A /* NoteViewController.m in Sources */ = {isa = PBXBuildFile; fileRef = 73BFB8C2195D670C00952C9A /* NoteViewController.m */; };
/* End PBXBuildFile section */

/* Begin PBXContainerItemProxy section */
		42A6A5A318CBA3BF0043233C /* PBXContainerItemProxy */ = {
			isa = PBXContainerItemProxy;
			containerPortal = 42A6A57518CBA3BF0043233C /* Project object */;
			proxyType = 1;
			remoteGlobalIDString = 42A6A57C18CBA3BF0043233C;
			remoteInfo = icanvass;
		};
/* End PBXContainerItemProxy section */

/* Begin PBXFileReference section */
		4226928A193B563D00FD0BE9 /* BugSense-iOS.framework */ = {isa = PBXFileReference; lastKnownFileType = wrapper.framework; path = "BugSense-iOS.framework"; sourceTree = SOURCE_ROOT; };
		42284F0A18D10FC60087941E /* DetailsViewController.h */ = {isa = PBXFileReference; fileEncoding = 4; lastKnownFileType = sourcecode.c.h; path = DetailsViewController.h; sourceTree = "<group>"; };
		42284F0B18D10FC60087941E /* DetailsViewController.m */ = {isa = PBXFileReference; fileEncoding = 4; lastKnownFileType = sourcecode.c.objc; path = DetailsViewController.m; sourceTree = "<group>"; };
		42284F5118D252970087941E /* CoreData.framework */ = {isa = PBXFileReference; lastKnownFileType = wrapper.framework; name = CoreData.framework; path = System/Library/Frameworks/CoreData.framework; sourceTree = SDKROOT; };
		42284F5318D253F60087941E /* pins.xcdatamodel */ = {isa = PBXFileReference; lastKnownFileType = wrapper.xcdatamodel; path = pins.xcdatamodel; sourceTree = "<group>"; };
		42284F5518D254020087941E /* Pin.h */ = {isa = PBXFileReference; fileEncoding = 4; lastKnownFileType = sourcecode.c.h; path = Pin.h; sourceTree = "<group>"; };
		42284F5618D254020087941E /* Pin.m */ = {isa = PBXFileReference; fileEncoding = 4; lastKnownFileType = sourcecode.c.objc; path = Pin.m; sourceTree = "<group>"; };
		42284F5718D254020087941E /* Status.h */ = {isa = PBXFileReference; fileEncoding = 4; lastKnownFileType = sourcecode.c.h; path = Status.h; sourceTree = "<group>"; };
		42284F5818D254020087941E /* Status.m */ = {isa = PBXFileReference; fileEncoding = 4; lastKnownFileType = sourcecode.c.objc; path = Status.m; sourceTree = "<group>"; };
		42284F5918D254020087941E /* Location.h */ = {isa = PBXFileReference; fileEncoding = 4; lastKnownFileType = sourcecode.c.h; path = Location.h; sourceTree = "<group>"; };
		42284F5A18D254020087941E /* Location.m */ = {isa = PBXFileReference; fileEncoding = 4; lastKnownFileType = sourcecode.c.objc; path = Location.m; sourceTree = "<group>"; };
		42284F5B18D254020087941E /* User.h */ = {isa = PBXFileReference; fileEncoding = 4; lastKnownFileType = sourcecode.c.h; path = User.h; sourceTree = "<group>"; };
		42284F5C18D254020087941E /* User.m */ = {isa = PBXFileReference; fileEncoding = 4; lastKnownFileType = sourcecode.c.objc; path = User.m; sourceTree = "<group>"; };
		42284F6318D256A20087941E /* GoogleMaps.framework */ = {isa = PBXFileReference; lastKnownFileType = wrapper.framework; path = GoogleMaps.framework; sourceTree = SOURCE_ROOT; };
		42284F6518D256DB0087941E /* GoogleMaps.bundle */ = {isa = PBXFileReference; lastKnownFileType = "wrapper.plug-in"; name = GoogleMaps.bundle; path = GoogleMaps.framework/Versions/A/Resources/GoogleMaps.bundle; sourceTree = SOURCE_ROOT; };
		42284F6718D256FA0087941E /* AVFoundation.framework */ = {isa = PBXFileReference; lastKnownFileType = wrapper.framework; name = AVFoundation.framework; path = System/Library/Frameworks/AVFoundation.framework; sourceTree = SDKROOT; };
		42284F6918D257010087941E /* CoreLocation.framework */ = {isa = PBXFileReference; lastKnownFileType = wrapper.framework; name = CoreLocation.framework; path = System/Library/Frameworks/CoreLocation.framework; sourceTree = SDKROOT; };
		42284F6B18D2570A0087941E /* CoreText.framework */ = {isa = PBXFileReference; lastKnownFileType = wrapper.framework; name = CoreText.framework; path = System/Library/Frameworks/CoreText.framework; sourceTree = SDKROOT; };
		42284F6D18D2571D0087941E /* GLKit.framework */ = {isa = PBXFileReference; lastKnownFileType = wrapper.framework; name = GLKit.framework; path = System/Library/Frameworks/GLKit.framework; sourceTree = SDKROOT; };
		42284F6F18D257260087941E /* ImageIO.framework */ = {isa = PBXFileReference; lastKnownFileType = wrapper.framework; name = ImageIO.framework; path = System/Library/Frameworks/ImageIO.framework; sourceTree = SDKROOT; };
		42284F7118D257330087941E /* libc++.dylib */ = {isa = PBXFileReference; lastKnownFileType = "compiled.mach-o.dylib"; name = "libc++.dylib"; path = "usr/lib/libc++.dylib"; sourceTree = SDKROOT; };
		42284F7318D2573E0087941E /* libicucore.dylib */ = {isa = PBXFileReference; lastKnownFileType = "compiled.mach-o.dylib"; name = libicucore.dylib; path = usr/lib/libicucore.dylib; sourceTree = SDKROOT; };
		42284F7518D2574B0087941E /* libz.dylib */ = {isa = PBXFileReference; lastKnownFileType = "compiled.mach-o.dylib"; name = libz.dylib; path = usr/lib/libz.dylib; sourceTree = SDKROOT; };
		42284F7718D2575A0087941E /* OpenGLES.framework */ = {isa = PBXFileReference; lastKnownFileType = wrapper.framework; name = OpenGLES.framework; path = System/Library/Frameworks/OpenGLES.framework; sourceTree = SDKROOT; };
		42284F7918D257770087941E /* QuartzCore.framework */ = {isa = PBXFileReference; lastKnownFileType = wrapper.framework; name = QuartzCore.framework; path = System/Library/Frameworks/QuartzCore.framework; sourceTree = SDKROOT; };
		42284F7B18D257820087941E /* SystemConfiguration.framework */ = {isa = PBXFileReference; lastKnownFileType = wrapper.framework; name = SystemConfiguration.framework; path = System/Library/Frameworks/SystemConfiguration.framework; sourceTree = SDKROOT; };
		42284F7F18D26AF10087941E /* AFHTTPRequestOperation.h */ = {isa = PBXFileReference; fileEncoding = 4; lastKnownFileType = sourcecode.c.h; path = AFHTTPRequestOperation.h; sourceTree = "<group>"; };
		42284F8018D26AF10087941E /* AFHTTPRequestOperation.m */ = {isa = PBXFileReference; fileEncoding = 4; lastKnownFileType = sourcecode.c.objc; path = AFHTTPRequestOperation.m; sourceTree = "<group>"; };
		42284F8118D26AF10087941E /* AFHTTPRequestOperationManager.h */ = {isa = PBXFileReference; fileEncoding = 4; lastKnownFileType = sourcecode.c.h; path = AFHTTPRequestOperationManager.h; sourceTree = "<group>"; };
		42284F8218D26AF10087941E /* AFHTTPRequestOperationManager.m */ = {isa = PBXFileReference; fileEncoding = 4; lastKnownFileType = sourcecode.c.objc; path = AFHTTPRequestOperationManager.m; sourceTree = "<group>"; };
		42284F8318D26AF10087941E /* AFHTTPSessionManager.h */ = {isa = PBXFileReference; fileEncoding = 4; lastKnownFileType = sourcecode.c.h; path = AFHTTPSessionManager.h; sourceTree = "<group>"; };
		42284F8418D26AF10087941E /* AFHTTPSessionManager.m */ = {isa = PBXFileReference; fileEncoding = 4; lastKnownFileType = sourcecode.c.objc; path = AFHTTPSessionManager.m; sourceTree = "<group>"; };
		42284F8518D26AF10087941E /* AFNetworking.h */ = {isa = PBXFileReference; fileEncoding = 4; lastKnownFileType = sourcecode.c.h; path = AFNetworking.h; sourceTree = "<group>"; };
		42284F8618D26AF10087941E /* AFNetworkReachabilityManager.h */ = {isa = PBXFileReference; fileEncoding = 4; lastKnownFileType = sourcecode.c.h; path = AFNetworkReachabilityManager.h; sourceTree = "<group>"; };
		42284F8718D26AF10087941E /* AFNetworkReachabilityManager.m */ = {isa = PBXFileReference; fileEncoding = 4; lastKnownFileType = sourcecode.c.objc; path = AFNetworkReachabilityManager.m; sourceTree = "<group>"; };
		42284F8818D26AF10087941E /* AFSecurityPolicy.h */ = {isa = PBXFileReference; fileEncoding = 4; lastKnownFileType = sourcecode.c.h; path = AFSecurityPolicy.h; sourceTree = "<group>"; };
		42284F8918D26AF10087941E /* AFSecurityPolicy.m */ = {isa = PBXFileReference; fileEncoding = 4; lastKnownFileType = sourcecode.c.objc; path = AFSecurityPolicy.m; sourceTree = "<group>"; };
		42284F8A18D26AF10087941E /* AFURLConnectionOperation.h */ = {isa = PBXFileReference; fileEncoding = 4; lastKnownFileType = sourcecode.c.h; path = AFURLConnectionOperation.h; sourceTree = "<group>"; };
		42284F8B18D26AF10087941E /* AFURLConnectionOperation.m */ = {isa = PBXFileReference; fileEncoding = 4; lastKnownFileType = sourcecode.c.objc; path = AFURLConnectionOperation.m; sourceTree = "<group>"; };
		42284F8C18D26AF10087941E /* AFURLRequestSerialization.h */ = {isa = PBXFileReference; fileEncoding = 4; lastKnownFileType = sourcecode.c.h; path = AFURLRequestSerialization.h; sourceTree = "<group>"; };
		42284F8D18D26AF10087941E /* AFURLRequestSerialization.m */ = {isa = PBXFileReference; fileEncoding = 4; lastKnownFileType = sourcecode.c.objc; path = AFURLRequestSerialization.m; sourceTree = "<group>"; };
		42284F8E18D26AF10087941E /* AFURLResponseSerialization.h */ = {isa = PBXFileReference; fileEncoding = 4; lastKnownFileType = sourcecode.c.h; path = AFURLResponseSerialization.h; sourceTree = "<group>"; };
		42284F8F18D26AF10087941E /* AFURLResponseSerialization.m */ = {isa = PBXFileReference; fileEncoding = 4; lastKnownFileType = sourcecode.c.objc; path = AFURLResponseSerialization.m; sourceTree = "<group>"; };
		42284F9018D26AF10087941E /* AFURLSessionManager.h */ = {isa = PBXFileReference; fileEncoding = 4; lastKnownFileType = sourcecode.c.h; path = AFURLSessionManager.h; sourceTree = "<group>"; };
		42284F9118D26AF10087941E /* AFURLSessionManager.m */ = {isa = PBXFileReference; fileEncoding = 4; lastKnownFileType = sourcecode.c.objc; path = AFURLSessionManager.m; sourceTree = "<group>"; };
		42284F9B18D26B110087941E /* ICRequestManager.h */ = {isa = PBXFileReference; fileEncoding = 4; lastKnownFileType = sourcecode.c.h; path = ICRequestManager.h; sourceTree = "<group>"; };
		42284F9C18D26B110087941E /* ICRequestManager.m */ = {isa = PBXFileReference; fileEncoding = 4; lastKnownFileType = sourcecode.c.objc; path = ICRequestManager.m; sourceTree = "<group>"; };
		4239345818E2F56E0041EF93 /* DatesPickerViewController.h */ = {isa = PBXFileReference; fileEncoding = 4; lastKnownFileType = sourcecode.c.h; path = DatesPickerViewController.h; sourceTree = "<group>"; };
		4239345918E2F56E0041EF93 /* DatesPickerViewController.m */ = {isa = PBXFileReference; fileEncoding = 4; lastKnownFileType = sourcecode.c.objc; path = DatesPickerViewController.m; sourceTree = "<group>"; };
		423EA48F18E0B4DB00E22FF8 /* GoToWebsiteViewController.h */ = {isa = PBXFileReference; fileEncoding = 4; lastKnownFileType = sourcecode.c.h; path = GoToWebsiteViewController.h; sourceTree = "<group>"; };
		423EA49018E0B4DB00E22FF8 /* GoToWebsiteViewController.m */ = {isa = PBXFileReference; fileEncoding = 4; lastKnownFileType = sourcecode.c.objc; path = GoToWebsiteViewController.m; sourceTree = "<group>"; };
		427E8A1719005F290092504A /* logo@2x.png */ = {isa = PBXFileReference; lastKnownFileType = image.png; path = "logo@2x.png"; sourceTree = "<group>"; };
		427E8A19190081400092504A /* AlmostDoneViewController.h */ = {isa = PBXFileReference; fileEncoding = 4; lastKnownFileType = sourcecode.c.h; path = AlmostDoneViewController.h; sourceTree = "<group>"; };
		427E8A1A190081400092504A /* AlmostDoneViewController.m */ = {isa = PBXFileReference; fileEncoding = 4; lastKnownFileType = sourcecode.c.objc; path = AlmostDoneViewController.m; sourceTree = "<group>"; };
		427E8A1C1901B5CD0092504A /* Default-568h@2x.png */ = {isa = PBXFileReference; lastKnownFileType = image.png; path = "Default-568h@2x.png"; sourceTree = "<group>"; };
		427E8A1E1901CFC30092504A /* AppIcon29x29.png */ = {isa = PBXFileReference; lastKnownFileType = image.png; path = AppIcon29x29.png; sourceTree = "<group>"; };
		427E8A1F1901CFC30092504A /* AppIcon29x29@2x.png */ = {isa = PBXFileReference; lastKnownFileType = image.png; path = "AppIcon29x29@2x.png"; sourceTree = "<group>"; };
		427E8A201901CFC30092504A /* AppIcon40x40.png */ = {isa = PBXFileReference; lastKnownFileType = image.png; path = AppIcon40x40.png; sourceTree = "<group>"; };
		427E8A211901CFC30092504A /* AppIcon40x40@2x.png */ = {isa = PBXFileReference; lastKnownFileType = image.png; path = "AppIcon40x40@2x.png"; sourceTree = "<group>"; };
		427E8A221901CFC30092504A /* AppIcon50x50.png */ = {isa = PBXFileReference; lastKnownFileType = image.png; path = AppIcon50x50.png; sourceTree = "<group>"; };
		427E8A231901CFC30092504A /* AppIcon50x50@2x.png */ = {isa = PBXFileReference; lastKnownFileType = image.png; path = "AppIcon50x50@2x.png"; sourceTree = "<group>"; };
		427E8A241901CFC30092504A /* AppIcon57x57.png */ = {isa = PBXFileReference; lastKnownFileType = image.png; path = AppIcon57x57.png; sourceTree = "<group>"; };
		427E8A251901CFC30092504A /* AppIcon57x57@2x.png */ = {isa = PBXFileReference; lastKnownFileType = image.png; path = "AppIcon57x57@2x.png"; sourceTree = "<group>"; };
		427E8A261901CFC30092504A /* AppIcon60x60.png */ = {isa = PBXFileReference; lastKnownFileType = image.png; path = AppIcon60x60.png; sourceTree = "<group>"; };
		427E8A271901CFC30092504A /* AppIcon60x60@2x.png */ = {isa = PBXFileReference; lastKnownFileType = image.png; path = "AppIcon60x60@2x.png"; sourceTree = "<group>"; };
		427E8A281901CFC30092504A /* AppIcon72x72.png */ = {isa = PBXFileReference; lastKnownFileType = image.png; path = AppIcon72x72.png; sourceTree = "<group>"; };
		427E8A291901CFC30092504A /* AppIcon72x72@2x.png */ = {isa = PBXFileReference; lastKnownFileType = image.png; path = "AppIcon72x72@2x.png"; sourceTree = "<group>"; };
		427E8A2A1901CFC30092504A /* AppIcon76x76.png */ = {isa = PBXFileReference; lastKnownFileType = image.png; path = AppIcon76x76.png; sourceTree = "<group>"; };
		427E8A2B1901CFC30092504A /* AppIcon76x76@2x.png */ = {isa = PBXFileReference; lastKnownFileType = image.png; path = "AppIcon76x76@2x.png"; sourceTree = "<group>"; };
		427E8A2C1901CFC30092504A /* iTunesArtwork.png */ = {isa = PBXFileReference; lastKnownFileType = image.png; path = iTunesArtwork.png; sourceTree = "<group>"; };
		427E8A2D1901CFC30092504A /* iTunesArtwork@2x.png */ = {isa = PBXFileReference; lastKnownFileType = image.png; path = "iTunesArtwork@2x.png"; sourceTree = "<group>"; };
		42A6A57D18CBA3BF0043233C /* door2doorapp.app */ = {isa = PBXFileReference; explicitFileType = wrapper.application; includeInIndex = 0; path = door2doorapp.app; sourceTree = BUILT_PRODUCTS_DIR; };
		42A6A58018CBA3BF0043233C /* Foundation.framework */ = {isa = PBXFileReference; lastKnownFileType = wrapper.framework; name = Foundation.framework; path = System/Library/Frameworks/Foundation.framework; sourceTree = SDKROOT; };
		42A6A58218CBA3BF0043233C /* CoreGraphics.framework */ = {isa = PBXFileReference; lastKnownFileType = wrapper.framework; name = CoreGraphics.framework; path = System/Library/Frameworks/CoreGraphics.framework; sourceTree = SDKROOT; };
		42A6A58418CBA3BF0043233C /* UIKit.framework */ = {isa = PBXFileReference; lastKnownFileType = wrapper.framework; name = UIKit.framework; path = System/Library/Frameworks/UIKit.framework; sourceTree = SDKROOT; };
		42A6A58818CBA3BF0043233C /* icanvass-Info.plist */ = {isa = PBXFileReference; lastKnownFileType = text.plist.xml; path = "icanvass-Info.plist"; sourceTree = "<group>"; };
		42A6A58A18CBA3BF0043233C /* en */ = {isa = PBXFileReference; lastKnownFileType = text.plist.strings; name = en; path = en.lproj/InfoPlist.strings; sourceTree = "<group>"; };
		42A6A58C18CBA3BF0043233C /* main.m */ = {isa = PBXFileReference; lastKnownFileType = sourcecode.c.objc; path = main.m; sourceTree = "<group>"; };
		42A6A58E18CBA3BF0043233C /* icanvass-Prefix.pch */ = {isa = PBXFileReference; lastKnownFileType = sourcecode.c.h; path = "icanvass-Prefix.pch"; sourceTree = "<group>"; };
		42A6A58F18CBA3BF0043233C /* AppDelegate.h */ = {isa = PBXFileReference; lastKnownFileType = sourcecode.c.h; path = AppDelegate.h; sourceTree = "<group>"; };
		42A6A59018CBA3BF0043233C /* AppDelegate.m */ = {isa = PBXFileReference; lastKnownFileType = sourcecode.c.objc; path = AppDelegate.m; sourceTree = "<group>"; };
		42A6A59318CBA3BF0043233C /* Base */ = {isa = PBXFileReference; lastKnownFileType = file.storyboard; name = Base; path = Base.lproj/Main.storyboard; sourceTree = "<group>"; };
		42A6A59518CBA3BF0043233C /* HomeViewController.h */ = {isa = PBXFileReference; lastKnownFileType = sourcecode.c.h; path = HomeViewController.h; sourceTree = "<group>"; };
		42A6A59618CBA3BF0043233C /* HomeViewController.m */ = {isa = PBXFileReference; lastKnownFileType = sourcecode.c.objc; path = HomeViewController.m; sourceTree = "<group>"; };
		42A6A59818CBA3BF0043233C /* Images.xcassets */ = {isa = PBXFileReference; lastKnownFileType = folder.assetcatalog; path = Images.xcassets; sourceTree = "<group>"; };
		42A6A59E18CBA3BF0043233C /* icanvassTests.xctest */ = {isa = PBXFileReference; explicitFileType = wrapper.cfbundle; includeInIndex = 0; path = icanvassTests.xctest; sourceTree = BUILT_PRODUCTS_DIR; };
		42A6A59F18CBA3BF0043233C /* XCTest.framework */ = {isa = PBXFileReference; lastKnownFileType = wrapper.framework; name = XCTest.framework; path = Library/Frameworks/XCTest.framework; sourceTree = DEVELOPER_DIR; };
		42A6A5A718CBA3BF0043233C /* icanvassTests-Info.plist */ = {isa = PBXFileReference; lastKnownFileType = text.plist.xml; path = "icanvassTests-Info.plist"; sourceTree = "<group>"; };
		42A6A5A918CBA3BF0043233C /* en */ = {isa = PBXFileReference; lastKnownFileType = text.plist.strings; name = en; path = en.lproj/InfoPlist.strings; sourceTree = "<group>"; };
		42A6A5AB18CBA3BF0043233C /* icanvassTests.m */ = {isa = PBXFileReference; lastKnownFileType = sourcecode.c.objc; path = icanvassTests.m; sourceTree = "<group>"; };
		42A6A5B518CBB52C0043233C /* ListController.h */ = {isa = PBXFileReference; fileEncoding = 4; lastKnownFileType = sourcecode.c.h; path = ListController.h; sourceTree = "<group>"; };
		42A6A5B618CBB52C0043233C /* ListController.m */ = {isa = PBXFileReference; fileEncoding = 4; lastKnownFileType = sourcecode.c.objc; path = ListController.m; sourceTree = "<group>"; };
		42A6A5B818CBB5470043233C /* MapController.h */ = {isa = PBXFileReference; fileEncoding = 4; lastKnownFileType = sourcecode.c.h; path = MapController.h; sourceTree = "<group>"; };
		42A6A5B918CBB5470043233C /* MapController.m */ = {isa = PBXFileReference; fileEncoding = 4; lastKnownFileType = sourcecode.c.objc; path = MapController.m; sourceTree = "<group>"; };
		42A7BEAA18D5B02900973EA8 /* utilities.h */ = {isa = PBXFileReference; fileEncoding = 4; lastKnownFileType = sourcecode.c.h; path = utilities.h; sourceTree = "<group>"; };
		42A7BEAB18D5B02900973EA8 /* utilities.m */ = {isa = PBXFileReference; fileEncoding = 4; lastKnownFileType = sourcecode.c.objc; path = utilities.m; sourceTree = "<group>"; };
		42A7BEAD18D7150200973EA8 /* PinTemp.h */ = {isa = PBXFileReference; fileEncoding = 4; lastKnownFileType = sourcecode.c.h; path = PinTemp.h; sourceTree = "<group>"; };
		42A7BEAE18D7150200973EA8 /* PinTemp.m */ = {isa = PBXFileReference; fileEncoding = 4; lastKnownFileType = sourcecode.c.objc; path = PinTemp.m; sourceTree = "<group>"; };
		42A7BEB118D719BF00973EA8 /* AFNetworkActivityIndicatorManager.h */ = {isa = PBXFileReference; fileEncoding = 4; lastKnownFileType = sourcecode.c.h; path = AFNetworkActivityIndicatorManager.h; sourceTree = "<group>"; };
		42A7BEB218D719BF00973EA8 /* AFNetworkActivityIndicatorManager.m */ = {isa = PBXFileReference; fileEncoding = 4; lastKnownFileType = sourcecode.c.objc; path = AFNetworkActivityIndicatorManager.m; sourceTree = "<group>"; };
		42A7BEB318D719BF00973EA8 /* UIActivityIndicatorView+AFNetworking.h */ = {isa = PBXFileReference; fileEncoding = 4; lastKnownFileType = sourcecode.c.h; path = "UIActivityIndicatorView+AFNetworking.h"; sourceTree = "<group>"; };
		42A7BEB418D719BF00973EA8 /* UIActivityIndicatorView+AFNetworking.m */ = {isa = PBXFileReference; fileEncoding = 4; lastKnownFileType = sourcecode.c.objc; path = "UIActivityIndicatorView+AFNetworking.m"; sourceTree = "<group>"; };
		42A7BEB518D719BF00973EA8 /* UIAlertView+AFNetworking.h */ = {isa = PBXFileReference; fileEncoding = 4; lastKnownFileType = sourcecode.c.h; path = "UIAlertView+AFNetworking.h"; sourceTree = "<group>"; };
		42A7BEB618D719BF00973EA8 /* UIAlertView+AFNetworking.m */ = {isa = PBXFileReference; fileEncoding = 4; lastKnownFileType = sourcecode.c.objc; path = "UIAlertView+AFNetworking.m"; sourceTree = "<group>"; };
		42A7BEB718D719BF00973EA8 /* UIButton+AFNetworking.h */ = {isa = PBXFileReference; fileEncoding = 4; lastKnownFileType = sourcecode.c.h; path = "UIButton+AFNetworking.h"; sourceTree = "<group>"; };
		42A7BEB818D719BF00973EA8 /* UIButton+AFNetworking.m */ = {isa = PBXFileReference; fileEncoding = 4; lastKnownFileType = sourcecode.c.objc; path = "UIButton+AFNetworking.m"; sourceTree = "<group>"; };
		42A7BEB918D719BF00973EA8 /* UIImageView+AFNetworking.h */ = {isa = PBXFileReference; fileEncoding = 4; lastKnownFileType = sourcecode.c.h; path = "UIImageView+AFNetworking.h"; sourceTree = "<group>"; };
		42A7BEBA18D719BF00973EA8 /* UIImageView+AFNetworking.m */ = {isa = PBXFileReference; fileEncoding = 4; lastKnownFileType = sourcecode.c.objc; path = "UIImageView+AFNetworking.m"; sourceTree = "<group>"; };
		42A7BEBB18D719BF00973EA8 /* UIKit+AFNetworking.h */ = {isa = PBXFileReference; fileEncoding = 4; lastKnownFileType = sourcecode.c.h; path = "UIKit+AFNetworking.h"; sourceTree = "<group>"; };
		42A7BEBC18D719BF00973EA8 /* UIProgressView+AFNetworking.h */ = {isa = PBXFileReference; fileEncoding = 4; lastKnownFileType = sourcecode.c.h; path = "UIProgressView+AFNetworking.h"; sourceTree = "<group>"; };
		42A7BEBD18D719BF00973EA8 /* UIProgressView+AFNetworking.m */ = {isa = PBXFileReference; fileEncoding = 4; lastKnownFileType = sourcecode.c.objc; path = "UIProgressView+AFNetworking.m"; sourceTree = "<group>"; };
		42A7BEBE18D719BF00973EA8 /* UIRefreshControl+AFNetworking.h */ = {isa = PBXFileReference; fileEncoding = 4; lastKnownFileType = sourcecode.c.h; path = "UIRefreshControl+AFNetworking.h"; sourceTree = "<group>"; };
		42A7BEBF18D719BF00973EA8 /* UIRefreshControl+AFNetworking.m */ = {isa = PBXFileReference; fileEncoding = 4; lastKnownFileType = sourcecode.c.objc; path = "UIRefreshControl+AFNetworking.m"; sourceTree = "<group>"; };
		42A7BEC018D719BF00973EA8 /* UIWebView+AFNetworking.h */ = {isa = PBXFileReference; fileEncoding = 4; lastKnownFileType = sourcecode.c.h; path = "UIWebView+AFNetworking.h"; sourceTree = "<group>"; };
		42A7BEC118D719BF00973EA8 /* UIWebView+AFNetworking.m */ = {isa = PBXFileReference; fileEncoding = 4; lastKnownFileType = sourcecode.c.objc; path = "UIWebView+AFNetworking.m"; sourceTree = "<group>"; };
		42A7BECB18D71D7400973EA8 /* PinCell.h */ = {isa = PBXFileReference; fileEncoding = 4; lastKnownFileType = sourcecode.c.h; path = PinCell.h; sourceTree = "<group>"; };
		42A7BECC18D71D7400973EA8 /* PinCell.m */ = {isa = PBXFileReference; fileEncoding = 4; lastKnownFileType = sourcecode.c.objc; path = PinCell.m; sourceTree = "<group>"; };
		42B3A66818E5734800B46FBF /* PocketSVG.h */ = {isa = PBXFileReference; fileEncoding = 4; lastKnownFileType = sourcecode.c.h; path = PocketSVG.h; sourceTree = "<group>"; };
		42B3A66918E5734800B46FBF /* PocketSVG.m */ = {isa = PBXFileReference; fileEncoding = 4; lastKnownFileType = sourcecode.c.objc; path = PocketSVG.m; sourceTree = "<group>"; };
		42B3A66F18E7161900B46FBF /* Fields.h */ = {isa = PBXFileReference; fileEncoding = 4; lastKnownFileType = sourcecode.c.h; path = Fields.h; sourceTree = "<group>"; };
		42B3A67018E7161900B46FBF /* Fields.m */ = {isa = PBXFileReference; fileEncoding = 4; lastKnownFileType = sourcecode.c.objc; path = Fields.m; sourceTree = "<group>"; };
		42B3A67218E8023300B46FBF /* DetailsTableViewCell.h */ = {isa = PBXFileReference; fileEncoding = 4; lastKnownFileType = sourcecode.c.h; path = DetailsTableViewCell.h; sourceTree = "<group>"; };
		42B3A67318E8023300B46FBF /* DetailsTableViewCell.m */ = {isa = PBXFileReference; fileEncoding = 4; lastKnownFileType = sourcecode.c.objc; path = DetailsTableViewCell.m; sourceTree = "<group>"; };
		42B3A67518E82FB900B46FBF /* InfoView.xib */ = {isa = PBXFileReference; fileEncoding = 4; lastKnownFileType = file.xib; path = InfoView.xib; sourceTree = "<group>"; };
		42B3A67718E8903600B46FBF /* adduser@2x.png */ = {isa = PBXFileReference; lastKnownFileType = image.png; path = "adduser@2x.png"; sourceTree = "<group>"; };
		42B3A67818E8903600B46FBF /* delete@2x.png */ = {isa = PBXFileReference; lastKnownFileType = image.png; path = "delete@2x.png"; sourceTree = "<group>"; };
		42B3A67918E8903600B46FBF /* home@2x.png */ = {isa = PBXFileReference; lastKnownFileType = image.png; path = "home@2x.png"; sourceTree = "<group>"; };
		42B3A67A18E8903600B46FBF /* logout@2x.png */ = {isa = PBXFileReference; lastKnownFileType = image.png; path = "logout@2x.png"; sourceTree = "<group>"; };
		42B3A67B18E8903600B46FBF /* questions@2x.png */ = {isa = PBXFileReference; lastKnownFileType = image.png; path = "questions@2x.png"; sourceTree = "<group>"; };
		42B3A67C18E8903600B46FBF /* reports@2x.png */ = {isa = PBXFileReference; lastKnownFileType = image.png; path = "reports@2x.png"; sourceTree = "<group>"; };
		42B3A67D18E8903600B46FBF /* satellite@2x.png */ = {isa = PBXFileReference; lastKnownFileType = image.png; path = "satellite@2x.png"; sourceTree = "<group>"; };
		42B3A67E18E8903600B46FBF /* support@2x.png */ = {isa = PBXFileReference; lastKnownFileType = image.png; path = "support@2x.png"; sourceTree = "<group>"; };
		42B3A68718E891C200B46FBF /* status@2x.png */ = {isa = PBXFileReference; lastKnownFileType = image.png; path = "status@2x.png"; sourceTree = "<group>"; };
		42B3A68918E89B2600B46FBF /* bg@2x.png */ = {isa = PBXFileReference; lastKnownFileType = image.png; path = "bg@2x.png"; sourceTree = "<group>"; };
		42B3A68E18E8C3E100B46FBF /* FreshdeskSDK.framework */ = {isa = PBXFileReference; lastKnownFileType = wrapper.framework; path = FreshdeskSDK.framework; sourceTree = "<group>"; };
		42B3A68F18E8C3E100B46FBF /* FreshdeskSDKResources.bundle */ = {isa = PBXFileReference; lastKnownFileType = "wrapper.plug-in"; path = FreshdeskSDKResources.bundle; sourceTree = "<group>"; };
		42B3A69318E8C5E600B46FBF /* Mixpanel.h */ = {isa = PBXFileReference; fileEncoding = 4; lastKnownFileType = sourcecode.c.h; path = Mixpanel.h; sourceTree = "<group>"; };
		42B3A69418E8C5E600B46FBF /* Mixpanel.m */ = {isa = PBXFileReference; fileEncoding = 4; lastKnownFileType = sourcecode.c.objc; path = Mixpanel.m; sourceTree = "<group>"; };
		42B3A69518E8C5E600B46FBF /* MPArrowLeft.png */ = {isa = PBXFileReference; lastKnownFileType = image.png; path = MPArrowLeft.png; sourceTree = "<group>"; };
		42B3A69618E8C5E600B46FBF /* MPArrowLeft@2x.png */ = {isa = PBXFileReference; lastKnownFileType = image.png; path = "MPArrowLeft@2x.png"; sourceTree = "<group>"; };
		42B3A69718E8C5E600B46FBF /* MPArrowRight.png */ = {isa = PBXFileReference; lastKnownFileType = image.png; path = MPArrowRight.png; sourceTree = "<group>"; };
		42B3A69818E8C5E600B46FBF /* MPArrowRight@2x.png */ = {isa = PBXFileReference; lastKnownFileType = image.png; path = "MPArrowRight@2x.png"; sourceTree = "<group>"; };
		42B3A69918E8C5E600B46FBF /* MPCheckmark.png */ = {isa = PBXFileReference; lastKnownFileType = image.png; path = MPCheckmark.png; sourceTree = "<group>"; };
		42B3A69A18E8C5E600B46FBF /* MPCheckmark@2x.png */ = {isa = PBXFileReference; lastKnownFileType = image.png; path = "MPCheckmark@2x.png"; sourceTree = "<group>"; };
		42B3A69B18E8C5E600B46FBF /* MPCloseBtn.png */ = {isa = PBXFileReference; lastKnownFileType = image.png; path = MPCloseBtn.png; sourceTree = "<group>"; };
		42B3A69C18E8C5E600B46FBF /* MPCloseBtn@2x.png */ = {isa = PBXFileReference; lastKnownFileType = image.png; path = "MPCloseBtn@2x.png"; sourceTree = "<group>"; };
		42B3A69D18E8C5E600B46FBF /* MPDismissKeyboard.png */ = {isa = PBXFileReference; lastKnownFileType = image.png; path = MPDismissKeyboard.png; sourceTree = "<group>"; };
		42B3A69E18E8C5E600B46FBF /* MPDismissKeyboard@2x.png */ = {isa = PBXFileReference; lastKnownFileType = image.png; path = "MPDismissKeyboard@2x.png"; sourceTree = "<group>"; };
		42B3A69F18E8C5E700B46FBF /* MPLogo.png */ = {isa = PBXFileReference; lastKnownFileType = image.png; path = MPLogo.png; sourceTree = "<group>"; };
		42B3A6A018E8C5E700B46FBF /* MPLogo@2x.png */ = {isa = PBXFileReference; lastKnownFileType = image.png; path = "MPLogo@2x.png"; sourceTree = "<group>"; };
		42B3A6A118E8C5E700B46FBF /* MPNotification.h */ = {isa = PBXFileReference; fileEncoding = 4; lastKnownFileType = sourcecode.c.h; path = MPNotification.h; sourceTree = "<group>"; };
		42B3A6A218E8C5E700B46FBF /* MPNotification.m */ = {isa = PBXFileReference; fileEncoding = 4; lastKnownFileType = sourcecode.c.objc; path = MPNotification.m; sourceTree = "<group>"; };
		42B3A6A318E8C5E700B46FBF /* MPNotification.storyboard */ = {isa = PBXFileReference; fileEncoding = 4; lastKnownFileType = file.storyboard; path = MPNotification.storyboard; sourceTree = "<group>"; };
		42B3A6A418E8C5E700B46FBF /* MPNotificationViewController.h */ = {isa = PBXFileReference; fileEncoding = 4; lastKnownFileType = sourcecode.c.h; path = MPNotificationViewController.h; sourceTree = "<group>"; };
		42B3A6A518E8C5E700B46FBF /* MPNotificationViewController.m */ = {isa = PBXFileReference; fileEncoding = 4; lastKnownFileType = sourcecode.c.objc; path = MPNotificationViewController.m; sourceTree = "<group>"; };
		42B3A6A618E8C5E700B46FBF /* MPSurvey.h */ = {isa = PBXFileReference; fileEncoding = 4; lastKnownFileType = sourcecode.c.h; path = MPSurvey.h; sourceTree = "<group>"; };
		42B3A6A718E8C5E700B46FBF /* MPSurvey.m */ = {isa = PBXFileReference; fileEncoding = 4; lastKnownFileType = sourcecode.c.objc; path = MPSurvey.m; sourceTree = "<group>"; };
		42B3A6A818E8C5E700B46FBF /* MPSurvey.storyboard */ = {isa = PBXFileReference; fileEncoding = 4; lastKnownFileType = file.storyboard; path = MPSurvey.storyboard; sourceTree = "<group>"; };
		42B3A6A918E8C5E700B46FBF /* MPSurveyNavigationController.h */ = {isa = PBXFileReference; fileEncoding = 4; lastKnownFileType = sourcecode.c.h; path = MPSurveyNavigationController.h; sourceTree = "<group>"; };
		42B3A6AA18E8C5E700B46FBF /* MPSurveyNavigationController.m */ = {isa = PBXFileReference; fileEncoding = 4; lastKnownFileType = sourcecode.c.objc; path = MPSurveyNavigationController.m; sourceTree = "<group>"; };
		42B3A6AB18E8C5E700B46FBF /* MPSurveyQuestion.h */ = {isa = PBXFileReference; fileEncoding = 4; lastKnownFileType = sourcecode.c.h; path = MPSurveyQuestion.h; sourceTree = "<group>"; };
		42B3A6AC18E8C5E700B46FBF /* MPSurveyQuestion.m */ = {isa = PBXFileReference; fileEncoding = 4; lastKnownFileType = sourcecode.c.objc; path = MPSurveyQuestion.m; sourceTree = "<group>"; };
		42B3A6AD18E8C5E700B46FBF /* MPSurveyQuestionViewController.h */ = {isa = PBXFileReference; fileEncoding = 4; lastKnownFileType = sourcecode.c.h; path = MPSurveyQuestionViewController.h; sourceTree = "<group>"; };
		42B3A6AE18E8C5E700B46FBF /* MPSurveyQuestionViewController.m */ = {isa = PBXFileReference; fileEncoding = 4; lastKnownFileType = sourcecode.c.objc; path = MPSurveyQuestionViewController.m; sourceTree = "<group>"; };
		42B3A6AF18E8C5E700B46FBF /* NSData+MPBase64.h */ = {isa = PBXFileReference; fileEncoding = 4; lastKnownFileType = sourcecode.c.h; path = "NSData+MPBase64.h"; sourceTree = "<group>"; };
		42B3A6B018E8C5E700B46FBF /* NSData+MPBase64.m */ = {isa = PBXFileReference; fileEncoding = 4; lastKnownFileType = sourcecode.c.objc; path = "NSData+MPBase64.m"; sourceTree = "<group>"; };
		42B3A6B118E8C5E700B46FBF /* UIColor+MPColor.h */ = {isa = PBXFileReference; fileEncoding = 4; lastKnownFileType = sourcecode.c.h; path = "UIColor+MPColor.h"; sourceTree = "<group>"; };
		42B3A6B218E8C5E700B46FBF /* UIColor+MPColor.m */ = {isa = PBXFileReference; fileEncoding = 4; lastKnownFileType = sourcecode.c.objc; path = "UIColor+MPColor.m"; sourceTree = "<group>"; };
		42B3A6B318E8C5E700B46FBF /* UIImage+MPAverageColor.h */ = {isa = PBXFileReference; fileEncoding = 4; lastKnownFileType = sourcecode.c.h; path = "UIImage+MPAverageColor.h"; sourceTree = "<group>"; };
		42B3A6B418E8C5E700B46FBF /* UIImage+MPAverageColor.m */ = {isa = PBXFileReference; fileEncoding = 4; lastKnownFileType = sourcecode.c.objc; path = "UIImage+MPAverageColor.m"; sourceTree = "<group>"; };
		42B3A6B518E8C5E700B46FBF /* UIImage+MPImageEffects.h */ = {isa = PBXFileReference; fileEncoding = 4; lastKnownFileType = sourcecode.c.h; path = "UIImage+MPImageEffects.h"; sourceTree = "<group>"; };
		42B3A6B618E8C5E700B46FBF /* UIImage+MPImageEffects.m */ = {isa = PBXFileReference; fileEncoding = 4; lastKnownFileType = sourcecode.c.objc; path = "UIImage+MPImageEffects.m"; sourceTree = "<group>"; };
		42B3A6B718E8C5E700B46FBF /* UIView+MPSnapshotImage.h */ = {isa = PBXFileReference; fileEncoding = 4; lastKnownFileType = sourcecode.c.h; path = "UIView+MPSnapshotImage.h"; sourceTree = "<group>"; };
		42B3A6B818E8C5E700B46FBF /* UIView+MPSnapshotImage.m */ = {isa = PBXFileReference; fileEncoding = 4; lastKnownFileType = sourcecode.c.objc; path = "UIView+MPSnapshotImage.m"; sourceTree = "<group>"; };
		42B3A6D318E9781800B46FBF /* DatePickerViewController.h */ = {isa = PBXFileReference; fileEncoding = 4; lastKnownFileType = sourcecode.c.h; path = DatePickerViewController.h; sourceTree = "<group>"; };
		42B3A6D418E9781800B46FBF /* DatePickerViewController.m */ = {isa = PBXFileReference; fileEncoding = 4; lastKnownFileType = sourcecode.c.objc; path = DatePickerViewController.m; sourceTree = "<group>"; };
		42B3A6D618E9783500B46FBF /* DropDownViewController.h */ = {isa = PBXFileReference; fileEncoding = 4; lastKnownFileType = sourcecode.c.h; path = DropDownViewController.h; sourceTree = "<group>"; };
		42B3A6D718E9783500B46FBF /* DropDownViewController.m */ = {isa = PBXFileReference; fileEncoding = 4; lastKnownFileType = sourcecode.c.objc; path = DropDownViewController.m; sourceTree = "<group>"; };
		42BBFF2A18D395FA0065D4C3 /* LoginViewController.h */ = {isa = PBXFileReference; fileEncoding = 4; lastKnownFileType = sourcecode.c.h; path = LoginViewController.h; sourceTree = "<group>"; };
		42BBFF2B18D395FA0065D4C3 /* LoginViewController.m */ = {isa = PBXFileReference; fileEncoding = 4; lastKnownFileType = sourcecode.c.objc; path = LoginViewController.m; sourceTree = "<group>"; };
		42BBFF2D18D398210065D4C3 /* RegisterViewController.h */ = {isa = PBXFileReference; fileEncoding = 4; lastKnownFileType = sourcecode.c.h; path = RegisterViewController.h; sourceTree = "<group>"; };
		42BBFF2E18D398210065D4C3 /* RegisterViewController.m */ = {isa = PBXFileReference; fileEncoding = 4; lastKnownFileType = sourcecode.c.objc; path = RegisterViewController.m; sourceTree = "<group>"; };
		42BBFF3018D3996E0065D4C3 /* Pins.h */ = {isa = PBXFileReference; fileEncoding = 4; lastKnownFileType = sourcecode.c.h; path = Pins.h; sourceTree = "<group>"; };
		42BBFF3118D3996E0065D4C3 /* Pins.m */ = {isa = PBXFileReference; fileEncoding = 4; lastKnownFileType = sourcecode.c.objc; path = Pins.m; sourceTree = "<group>"; };
		42C35AE118E21E6700E83545 /* FilterViewController.h */ = {isa = PBXFileReference; fileEncoding = 4; lastKnownFileType = sourcecode.c.h; path = FilterViewController.h; sourceTree = "<group>"; };
		42C35AE218E21E6700E83545 /* FilterViewController.m */ = {isa = PBXFileReference; fileEncoding = 4; lastKnownFileType = sourcecode.c.objc; path = FilterViewController.m; sourceTree = "<group>"; };
		42D28CDA18E06702005E1758 /* MMDrawerBarButtonItem.h */ = {isa = PBXFileReference; fileEncoding = 4; lastKnownFileType = sourcecode.c.h; path = MMDrawerBarButtonItem.h; sourceTree = "<group>"; };
		42D28CDB18E06702005E1758 /* MMDrawerBarButtonItem.m */ = {isa = PBXFileReference; fileEncoding = 4; lastKnownFileType = sourcecode.c.objc; path = MMDrawerBarButtonItem.m; sourceTree = "<group>"; };
		42D28CDC18E06702005E1758 /* MMDrawerController+Subclass.h */ = {isa = PBXFileReference; fileEncoding = 4; lastKnownFileType = sourcecode.c.h; path = "MMDrawerController+Subclass.h"; sourceTree = "<group>"; };
		42D28CDD18E06702005E1758 /* MMDrawerController.h */ = {isa = PBXFileReference; fileEncoding = 4; lastKnownFileType = sourcecode.c.h; path = MMDrawerController.h; sourceTree = "<group>"; };
		42D28CDE18E06702005E1758 /* MMDrawerController.m */ = {isa = PBXFileReference; fileEncoding = 4; lastKnownFileType = sourcecode.c.objc; path = MMDrawerController.m; sourceTree = "<group>"; };
		42D28CDF18E06702005E1758 /* MMDrawerVisualState.h */ = {isa = PBXFileReference; fileEncoding = 4; lastKnownFileType = sourcecode.c.h; path = MMDrawerVisualState.h; sourceTree = "<group>"; };
		42D28CE018E06702005E1758 /* MMDrawerVisualState.m */ = {isa = PBXFileReference; fileEncoding = 4; lastKnownFileType = sourcecode.c.objc; path = MMDrawerVisualState.m; sourceTree = "<group>"; };
		42D28CE118E06702005E1758 /* UIViewController+MMDrawerController.h */ = {isa = PBXFileReference; fileEncoding = 4; lastKnownFileType = sourcecode.c.h; path = "UIViewController+MMDrawerController.h"; sourceTree = "<group>"; };
		42D28CE218E06702005E1758 /* UIViewController+MMDrawerController.m */ = {isa = PBXFileReference; fileEncoding = 4; lastKnownFileType = sourcecode.c.objc; path = "UIViewController+MMDrawerController.m"; sourceTree = "<group>"; };
		42D28CE718E08285005E1758 /* LeftDrawerViewController.h */ = {isa = PBXFileReference; fileEncoding = 4; lastKnownFileType = sourcecode.c.h; path = LeftDrawerViewController.h; sourceTree = "<group>"; };
		42D28CE818E08285005E1758 /* LeftDrawerViewController.m */ = {isa = PBXFileReference; fileEncoding = 4; lastKnownFileType = sourcecode.c.objc; path = LeftDrawerViewController.m; sourceTree = "<group>"; };
		42EF82E918FBFA390045EB0E /* Users.h */ = {isa = PBXFileReference; fileEncoding = 4; lastKnownFileType = sourcecode.c.h; path = Users.h; sourceTree = "<group>"; };
		42EF82EA18FBFA390045EB0E /* Users.m */ = {isa = PBXFileReference; fileEncoding = 4; lastKnownFileType = sourcecode.c.objc; path = Users.m; sourceTree = "<group>"; };
		42FA1F6418E1DF970015D137 /* ListHeader.xib */ = {isa = PBXFileReference; fileEncoding = 4; lastKnownFileType = file.xib; path = ListHeader.xib; sourceTree = "<group>"; };
		73BFB8BF195D005600952C9A /* MessageUI.framework */ = {isa = PBXFileReference; lastKnownFileType = wrapper.framework; name = MessageUI.framework; path = System/Library/Frameworks/MessageUI.framework; sourceTree = SDKROOT; };
		73BFB8C1195D670C00952C9A /* NoteViewController.h */ = {isa = PBXFileReference; fileEncoding = 4; lastKnownFileType = sourcecode.c.h; path = NoteViewController.h; sourceTree = "<group>"; };
		73BFB8C2195D670C00952C9A /* NoteViewController.m */ = {isa = PBXFileReference; fileEncoding = 4; lastKnownFileType = sourcecode.c.objc; path = NoteViewController.m; sourceTree = "<group>"; };
/* End PBXFileReference section */

/* Begin PBXFrameworksBuildPhase section */
		42A6A57A18CBA3BF0043233C /* Frameworks */ = {
			isa = PBXFrameworksBuildPhase;
			buildActionMask = 2147483647;
			files = (
				73BFB8C0195D005600952C9A /* MessageUI.framework in Frameworks */,
				42284F7C18D257820087941E /* SystemConfiguration.framework in Frameworks */,
				42284F7A18D257770087941E /* QuartzCore.framework in Frameworks */,
				42284F7818D2575A0087941E /* OpenGLES.framework in Frameworks */,
				42284F7618D2574B0087941E /* libz.dylib in Frameworks */,
				42284F7418D2573E0087941E /* libicucore.dylib in Frameworks */,
				42B3A69018E8C3E100B46FBF /* FreshdeskSDK.framework in Frameworks */,
				42284F7218D257330087941E /* libc++.dylib in Frameworks */,
				42284F7018D257260087941E /* ImageIO.framework in Frameworks */,
				4226928B193B563D00FD0BE9 /* BugSense-iOS.framework in Frameworks */,
				42284F6E18D2571D0087941E /* GLKit.framework in Frameworks */,
				42284F6C18D2570A0087941E /* CoreText.framework in Frameworks */,
				42284F6A18D257010087941E /* CoreLocation.framework in Frameworks */,
				42284F6818D256FA0087941E /* AVFoundation.framework in Frameworks */,
				42284F5218D252970087941E /* CoreData.framework in Frameworks */,
				42A6A58318CBA3BF0043233C /* CoreGraphics.framework in Frameworks */,
				42A6A58518CBA3BF0043233C /* UIKit.framework in Frameworks */,
				42284F6418D256A20087941E /* GoogleMaps.framework in Frameworks */,
				42A6A58118CBA3BF0043233C /* Foundation.framework in Frameworks */,
			);
			runOnlyForDeploymentPostprocessing = 0;
		};
		42A6A59B18CBA3BF0043233C /* Frameworks */ = {
			isa = PBXFrameworksBuildPhase;
			buildActionMask = 2147483647;
			files = (
				42A6A5A018CBA3BF0043233C /* XCTest.framework in Frameworks */,
				42A6A5A218CBA3BF0043233C /* UIKit.framework in Frameworks */,
				42A6A5A118CBA3BF0043233C /* Foundation.framework in Frameworks */,
			);
			runOnlyForDeploymentPostprocessing = 0;
		};
/* End PBXFrameworksBuildPhase section */

/* Begin PBXGroup section */
		42284F6118D254560087941E /* coredata */ = {
			isa = PBXGroup;
			children = (
				42284F5318D253F60087941E /* pins.xcdatamodel */,
				42284F5518D254020087941E /* Pin.h */,
				42284F5618D254020087941E /* Pin.m */,
				42284F5718D254020087941E /* Status.h */,
				42284F5818D254020087941E /* Status.m */,
				42284F5918D254020087941E /* Location.h */,
				42284F5A18D254020087941E /* Location.m */,
				42284F5B18D254020087941E /* User.h */,
				42284F5C18D254020087941E /* User.m */,
				42A7BEAD18D7150200973EA8 /* PinTemp.h */,
				42A7BEAE18D7150200973EA8 /* PinTemp.m */,
			);
			name = coredata;
			sourceTree = "<group>";
		};
		42284F6218D2546A0087941E /* viewcontrollers */ = {
			isa = PBXGroup;
			children = (
				42A6A59518CBA3BF0043233C /* HomeViewController.h */,
				42A6A59618CBA3BF0043233C /* HomeViewController.m */,
				42A6A5B518CBB52C0043233C /* ListController.h */,
				42A6A5B618CBB52C0043233C /* ListController.m */,
				42A6A5B818CBB5470043233C /* MapController.h */,
				42A6A5B918CBB5470043233C /* MapController.m */,
				42284F0A18D10FC60087941E /* DetailsViewController.h */,
				42284F0B18D10FC60087941E /* DetailsViewController.m */,
				42B3A67218E8023300B46FBF /* DetailsTableViewCell.h */,
				42B3A67318E8023300B46FBF /* DetailsTableViewCell.m */,
				42BBFF2A18D395FA0065D4C3 /* LoginViewController.h */,
				42BBFF2B18D395FA0065D4C3 /* LoginViewController.m */,
				42BBFF2D18D398210065D4C3 /* RegisterViewController.h */,
				42BBFF2E18D398210065D4C3 /* RegisterViewController.m */,
				42D28CE718E08285005E1758 /* LeftDrawerViewController.h */,
				42D28CE818E08285005E1758 /* LeftDrawerViewController.m */,
				423EA48F18E0B4DB00E22FF8 /* GoToWebsiteViewController.h */,
				423EA49018E0B4DB00E22FF8 /* GoToWebsiteViewController.m */,
				42C35AE118E21E6700E83545 /* FilterViewController.h */,
				42C35AE218E21E6700E83545 /* FilterViewController.m */,
				4239345818E2F56E0041EF93 /* DatesPickerViewController.h */,
				4239345918E2F56E0041EF93 /* DatesPickerViewController.m */,
				42B3A6D318E9781800B46FBF /* DatePickerViewController.h */,
				42B3A6D418E9781800B46FBF /* DatePickerViewController.m */,
				42B3A6D618E9783500B46FBF /* DropDownViewController.h */,
				42B3A6D718E9783500B46FBF /* DropDownViewController.m */,
				73BFB8C1195D670C00952C9A /* NoteViewController.h */,
				73BFB8C2195D670C00952C9A /* NoteViewController.m */,
				427E8A19190081400092504A /* AlmostDoneViewController.h */,
				427E8A1A190081400092504A /* AlmostDoneViewController.m */,
			);
			name = viewcontrollers;
			sourceTree = "<group>";
		};
		42284F7D18D26AA80087941E /* 3rdparties */ = {
			isa = PBXGroup;
			children = (
				42B3A69218E8C5E600B46FBF /* Mixpanel */,
				42B3A68D18E8C3E100B46FBF /* FreshdeskSDK */,
				42B3A66718E5732200B46FBF /* PocketSVG */,
				42D28CD918E06702005E1758 /* MMDrawerController */,
				42A7BEB018D719BF00973EA8 /* UIKit+AFNetworking */,
				42284F7E18D26AF10087941E /* AFNetworking */,
			);
			name = 3rdparties;
			sourceTree = "<group>";
		};
		42284F7E18D26AF10087941E /* AFNetworking */ = {
			isa = PBXGroup;
			children = (
				42284F7F18D26AF10087941E /* AFHTTPRequestOperation.h */,
				42284F8018D26AF10087941E /* AFHTTPRequestOperation.m */,
				42284F8118D26AF10087941E /* AFHTTPRequestOperationManager.h */,
				42284F8218D26AF10087941E /* AFHTTPRequestOperationManager.m */,
				42284F8318D26AF10087941E /* AFHTTPSessionManager.h */,
				42284F8418D26AF10087941E /* AFHTTPSessionManager.m */,
				42284F8518D26AF10087941E /* AFNetworking.h */,
				42284F8618D26AF10087941E /* AFNetworkReachabilityManager.h */,
				42284F8718D26AF10087941E /* AFNetworkReachabilityManager.m */,
				42284F8818D26AF10087941E /* AFSecurityPolicy.h */,
				42284F8918D26AF10087941E /* AFSecurityPolicy.m */,
				42284F8A18D26AF10087941E /* AFURLConnectionOperation.h */,
				42284F8B18D26AF10087941E /* AFURLConnectionOperation.m */,
				42284F8C18D26AF10087941E /* AFURLRequestSerialization.h */,
				42284F8D18D26AF10087941E /* AFURLRequestSerialization.m */,
				42284F8E18D26AF10087941E /* AFURLResponseSerialization.h */,
				42284F8F18D26AF10087941E /* AFURLResponseSerialization.m */,
				42284F9018D26AF10087941E /* AFURLSessionManager.h */,
				42284F9118D26AF10087941E /* AFURLSessionManager.m */,
			);
			path = AFNetworking;
			sourceTree = "<group>";
		};
		42A6A57418CBA3BF0043233C = {
			isa = PBXGroup;
			children = (
				42A6A58618CBA3BF0043233C /* icanvass */,
				42A6A5A518CBA3BF0043233C /* icanvassTests */,
				42A6A57F18CBA3BF0043233C /* Frameworks */,
				42A6A57E18CBA3BF0043233C /* Products */,
			);
			sourceTree = "<group>";
		};
		42A6A57E18CBA3BF0043233C /* Products */ = {
			isa = PBXGroup;
			children = (
				42A6A57D18CBA3BF0043233C /* door2doorapp.app */,
				42A6A59E18CBA3BF0043233C /* icanvassTests.xctest */,
			);
			name = Products;
			sourceTree = "<group>";
		};
		42A6A57F18CBA3BF0043233C /* Frameworks */ = {
			isa = PBXGroup;
			children = (
				73BFB8BF195D005600952C9A /* MessageUI.framework */,
				4226928A193B563D00FD0BE9 /* BugSense-iOS.framework */,
				42284F7B18D257820087941E /* SystemConfiguration.framework */,
				42284F7918D257770087941E /* QuartzCore.framework */,
				42284F7718D2575A0087941E /* OpenGLES.framework */,
				42284F7518D2574B0087941E /* libz.dylib */,
				42284F7318D2573E0087941E /* libicucore.dylib */,
				42284F7118D257330087941E /* libc++.dylib */,
				42284F6F18D257260087941E /* ImageIO.framework */,
				42284F6D18D2571D0087941E /* GLKit.framework */,
				42284F6B18D2570A0087941E /* CoreText.framework */,
				42284F6918D257010087941E /* CoreLocation.framework */,
				42284F6718D256FA0087941E /* AVFoundation.framework */,
				42284F6518D256DB0087941E /* GoogleMaps.bundle */,
				42284F6318D256A20087941E /* GoogleMaps.framework */,
				42284F5118D252970087941E /* CoreData.framework */,
				42A6A58018CBA3BF0043233C /* Foundation.framework */,
				42A6A58218CBA3BF0043233C /* CoreGraphics.framework */,
				42A6A58418CBA3BF0043233C /* UIKit.framework */,
				42A6A59F18CBA3BF0043233C /* XCTest.framework */,
			);
			name = Frameworks;
			sourceTree = "<group>";
		};
		42A6A58618CBA3BF0043233C /* icanvass */ = {
			isa = PBXGroup;
			children = (
				42284F7D18D26AA80087941E /* 3rdparties */,
				42A7BECA18D71D5400973EA8 /* views */,
				42284F6218D2546A0087941E /* viewcontrollers */,
				42284F6118D254560087941E /* coredata */,
				42B3A67718E8903600B46FBF /* adduser@2x.png */,
				42B3A68718E891C200B46FBF /* status@2x.png */,
				42B3A67818E8903600B46FBF /* delete@2x.png */,
				42B3A67918E8903600B46FBF /* home@2x.png */,
				42B3A67A18E8903600B46FBF /* logout@2x.png */,
				42B3A67B18E8903600B46FBF /* questions@2x.png */,
				42B3A67C18E8903600B46FBF /* reports@2x.png */,
				42B3A67D18E8903600B46FBF /* satellite@2x.png */,
				42B3A67E18E8903600B46FBF /* support@2x.png */,
				42B3A68918E89B2600B46FBF /* bg@2x.png */,
				427E8A1719005F290092504A /* logo@2x.png */,
				427E8A1C1901B5CD0092504A /* Default-568h@2x.png */,
				427E8A1E1901CFC30092504A /* AppIcon29x29.png */,
				427E8A1F1901CFC30092504A /* AppIcon29x29@2x.png */,
				427E8A201901CFC30092504A /* AppIcon40x40.png */,
				427E8A211901CFC30092504A /* AppIcon40x40@2x.png */,
				427E8A221901CFC30092504A /* AppIcon50x50.png */,
				427E8A231901CFC30092504A /* AppIcon50x50@2x.png */,
				427E8A241901CFC30092504A /* AppIcon57x57.png */,
				427E8A251901CFC30092504A /* AppIcon57x57@2x.png */,
				427E8A261901CFC30092504A /* AppIcon60x60.png */,
				427E8A271901CFC30092504A /* AppIcon60x60@2x.png */,
				427E8A281901CFC30092504A /* AppIcon72x72.png */,
				427E8A291901CFC30092504A /* AppIcon72x72@2x.png */,
				427E8A2A1901CFC30092504A /* AppIcon76x76.png */,
				427E8A2B1901CFC30092504A /* AppIcon76x76@2x.png */,
				427E8A2C1901CFC30092504A /* iTunesArtwork.png */,
				427E8A2D1901CFC30092504A /* iTunesArtwork@2x.png */,
				42BBFF3018D3996E0065D4C3 /* Pins.h */,
				42BBFF3118D3996E0065D4C3 /* Pins.m */,
				42B3A66F18E7161900B46FBF /* Fields.h */,
				42B3A67018E7161900B46FBF /* Fields.m */,
				42EF82E918FBFA390045EB0E /* Users.h */,
				42EF82EA18FBFA390045EB0E /* Users.m */,
				42A7BEAA18D5B02900973EA8 /* utilities.h */,
				42A7BEAB18D5B02900973EA8 /* utilities.m */,
				42A6A58F18CBA3BF0043233C /* AppDelegate.h */,
				42A6A59018CBA3BF0043233C /* AppDelegate.m */,
				42284F9B18D26B110087941E /* ICRequestManager.h */,
				42284F9C18D26B110087941E /* ICRequestManager.m */,
				42A6A59218CBA3BF0043233C /* Main.storyboard */,
				42B3A67518E82FB900B46FBF /* InfoView.xib */,
				42FA1F6418E1DF970015D137 /* ListHeader.xib */,
				42A6A59818CBA3BF0043233C /* Images.xcassets */,
				42A6A58718CBA3BF0043233C /* Supporting Files */,
			);
			path = icanvass;
			sourceTree = "<group>";
		};
		42A6A58718CBA3BF0043233C /* Supporting Files */ = {
			isa = PBXGroup;
			children = (
				42A6A58818CBA3BF0043233C /* icanvass-Info.plist */,
				42A6A58918CBA3BF0043233C /* InfoPlist.strings */,
				42A6A58C18CBA3BF0043233C /* main.m */,
				42A6A58E18CBA3BF0043233C /* icanvass-Prefix.pch */,
			);
			name = "Supporting Files";
			sourceTree = "<group>";
		};
		42A6A5A518CBA3BF0043233C /* icanvassTests */ = {
			isa = PBXGroup;
			children = (
				42A6A5AB18CBA3BF0043233C /* icanvassTests.m */,
				42A6A5A618CBA3BF0043233C /* Supporting Files */,
			);
			path = icanvassTests;
			sourceTree = "<group>";
		};
		42A6A5A618CBA3BF0043233C /* Supporting Files */ = {
			isa = PBXGroup;
			children = (
				42A6A5A718CBA3BF0043233C /* icanvassTests-Info.plist */,
				42A6A5A818CBA3BF0043233C /* InfoPlist.strings */,
			);
			name = "Supporting Files";
			sourceTree = "<group>";
		};
		42A7BEB018D719BF00973EA8 /* UIKit+AFNetworking */ = {
			isa = PBXGroup;
			children = (
				42A7BEB118D719BF00973EA8 /* AFNetworkActivityIndicatorManager.h */,
				42A7BEB218D719BF00973EA8 /* AFNetworkActivityIndicatorManager.m */,
				42A7BEB318D719BF00973EA8 /* UIActivityIndicatorView+AFNetworking.h */,
				42A7BEB418D719BF00973EA8 /* UIActivityIndicatorView+AFNetworking.m */,
				42A7BEB518D719BF00973EA8 /* UIAlertView+AFNetworking.h */,
				42A7BEB618D719BF00973EA8 /* UIAlertView+AFNetworking.m */,
				42A7BEB718D719BF00973EA8 /* UIButton+AFNetworking.h */,
				42A7BEB818D719BF00973EA8 /* UIButton+AFNetworking.m */,
				42A7BEB918D719BF00973EA8 /* UIImageView+AFNetworking.h */,
				42A7BEBA18D719BF00973EA8 /* UIImageView+AFNetworking.m */,
				42A7BEBB18D719BF00973EA8 /* UIKit+AFNetworking.h */,
				42A7BEBC18D719BF00973EA8 /* UIProgressView+AFNetworking.h */,
				42A7BEBD18D719BF00973EA8 /* UIProgressView+AFNetworking.m */,
				42A7BEBE18D719BF00973EA8 /* UIRefreshControl+AFNetworking.h */,
				42A7BEBF18D719BF00973EA8 /* UIRefreshControl+AFNetworking.m */,
				42A7BEC018D719BF00973EA8 /* UIWebView+AFNetworking.h */,
				42A7BEC118D719BF00973EA8 /* UIWebView+AFNetworking.m */,
			);
			path = "UIKit+AFNetworking";
			sourceTree = "<group>";
		};
		42A7BECA18D71D5400973EA8 /* views */ = {
			isa = PBXGroup;
			children = (
				42A7BECB18D71D7400973EA8 /* PinCell.h */,
				42A7BECC18D71D7400973EA8 /* PinCell.m */,
			);
			name = views;
			sourceTree = "<group>";
		};
		42B3A66718E5732200B46FBF /* PocketSVG */ = {
			isa = PBXGroup;
			children = (
				42B3A66818E5734800B46FBF /* PocketSVG.h */,
				42B3A66918E5734800B46FBF /* PocketSVG.m */,
			);
			name = PocketSVG;
			sourceTree = "<group>";
		};
		42B3A68D18E8C3E100B46FBF /* FreshdeskSDK */ = {
			isa = PBXGroup;
			children = (
				42B3A68E18E8C3E100B46FBF /* FreshdeskSDK.framework */,
				42B3A68F18E8C3E100B46FBF /* FreshdeskSDKResources.bundle */,
			);
			name = FreshdeskSDK;
			path = "FreshdeskSDK-iosuniversal";
			sourceTree = "<group>";
		};
		42B3A69218E8C5E600B46FBF /* Mixpanel */ = {
			isa = PBXGroup;
			children = (
				42B3A69318E8C5E600B46FBF /* Mixpanel.h */,
				42B3A69418E8C5E600B46FBF /* Mixpanel.m */,
				42B3A69518E8C5E600B46FBF /* MPArrowLeft.png */,
				42B3A69618E8C5E600B46FBF /* MPArrowLeft@2x.png */,
				42B3A69718E8C5E600B46FBF /* MPArrowRight.png */,
				42B3A69818E8C5E600B46FBF /* MPArrowRight@2x.png */,
				42B3A69918E8C5E600B46FBF /* MPCheckmark.png */,
				42B3A69A18E8C5E600B46FBF /* MPCheckmark@2x.png */,
				42B3A69B18E8C5E600B46FBF /* MPCloseBtn.png */,
				42B3A69C18E8C5E600B46FBF /* MPCloseBtn@2x.png */,
				42B3A69D18E8C5E600B46FBF /* MPDismissKeyboard.png */,
				42B3A69E18E8C5E600B46FBF /* MPDismissKeyboard@2x.png */,
				42B3A69F18E8C5E700B46FBF /* MPLogo.png */,
				42B3A6A018E8C5E700B46FBF /* MPLogo@2x.png */,
				42B3A6A118E8C5E700B46FBF /* MPNotification.h */,
				42B3A6A218E8C5E700B46FBF /* MPNotification.m */,
				42B3A6A318E8C5E700B46FBF /* MPNotification.storyboard */,
				42B3A6A418E8C5E700B46FBF /* MPNotificationViewController.h */,
				42B3A6A518E8C5E700B46FBF /* MPNotificationViewController.m */,
				42B3A6A618E8C5E700B46FBF /* MPSurvey.h */,
				42B3A6A718E8C5E700B46FBF /* MPSurvey.m */,
				42B3A6A818E8C5E700B46FBF /* MPSurvey.storyboard */,
				42B3A6A918E8C5E700B46FBF /* MPSurveyNavigationController.h */,
				42B3A6AA18E8C5E700B46FBF /* MPSurveyNavigationController.m */,
				42B3A6AB18E8C5E700B46FBF /* MPSurveyQuestion.h */,
				42B3A6AC18E8C5E700B46FBF /* MPSurveyQuestion.m */,
				42B3A6AD18E8C5E700B46FBF /* MPSurveyQuestionViewController.h */,
				42B3A6AE18E8C5E700B46FBF /* MPSurveyQuestionViewController.m */,
				42B3A6AF18E8C5E700B46FBF /* NSData+MPBase64.h */,
				42B3A6B018E8C5E700B46FBF /* NSData+MPBase64.m */,
				42B3A6B118E8C5E700B46FBF /* UIColor+MPColor.h */,
				42B3A6B218E8C5E700B46FBF /* UIColor+MPColor.m */,
				42B3A6B318E8C5E700B46FBF /* UIImage+MPAverageColor.h */,
				42B3A6B418E8C5E700B46FBF /* UIImage+MPAverageColor.m */,
				42B3A6B518E8C5E700B46FBF /* UIImage+MPImageEffects.h */,
				42B3A6B618E8C5E700B46FBF /* UIImage+MPImageEffects.m */,
				42B3A6B718E8C5E700B46FBF /* UIView+MPSnapshotImage.h */,
				42B3A6B818E8C5E700B46FBF /* UIView+MPSnapshotImage.m */,
			);
			path = Mixpanel;
			sourceTree = "<group>";
		};
		42D28CD918E06702005E1758 /* MMDrawerController */ = {
			isa = PBXGroup;
			children = (
				42D28CDA18E06702005E1758 /* MMDrawerBarButtonItem.h */,
				42D28CDB18E06702005E1758 /* MMDrawerBarButtonItem.m */,
				42D28CDC18E06702005E1758 /* MMDrawerController+Subclass.h */,
				42D28CDD18E06702005E1758 /* MMDrawerController.h */,
				42D28CDE18E06702005E1758 /* MMDrawerController.m */,
				42D28CDF18E06702005E1758 /* MMDrawerVisualState.h */,
				42D28CE018E06702005E1758 /* MMDrawerVisualState.m */,
				42D28CE118E06702005E1758 /* UIViewController+MMDrawerController.h */,
				42D28CE218E06702005E1758 /* UIViewController+MMDrawerController.m */,
			);
			path = MMDrawerController;
			sourceTree = "<group>";
		};
/* End PBXGroup section */

/* Begin PBXNativeTarget section */
		42A6A57C18CBA3BF0043233C /* door2doorapp */ = {
			isa = PBXNativeTarget;
			buildConfigurationList = 42A6A5AF18CBA3BF0043233C /* Build configuration list for PBXNativeTarget "door2doorapp" */;
			buildPhases = (
				42A6A57918CBA3BF0043233C /* Sources */,
				42A6A57A18CBA3BF0043233C /* Frameworks */,
				42A6A57B18CBA3BF0043233C /* Resources */,
			);
			buildRules = (
			);
			dependencies = (
			);
			name = door2doorapp;
			productName = icanvass;
			productReference = 42A6A57D18CBA3BF0043233C /* door2doorapp.app */;
			productType = "com.apple.product-type.application";
		};
		42A6A59D18CBA3BF0043233C /* icanvassTests */ = {
			isa = PBXNativeTarget;
			buildConfigurationList = 42A6A5B218CBA3BF0043233C /* Build configuration list for PBXNativeTarget "icanvassTests" */;
			buildPhases = (
				42A6A59A18CBA3BF0043233C /* Sources */,
				42A6A59B18CBA3BF0043233C /* Frameworks */,
				42A6A59C18CBA3BF0043233C /* Resources */,
			);
			buildRules = (
			);
			dependencies = (
				42A6A5A418CBA3BF0043233C /* PBXTargetDependency */,
			);
			name = icanvassTests;
			productName = icanvassTests;
			productReference = 42A6A59E18CBA3BF0043233C /* icanvassTests.xctest */;
			productType = "com.apple.product-type.bundle.unit-test";
		};
/* End PBXNativeTarget section */

/* Begin PBXProject section */
		42A6A57518CBA3BF0043233C /* Project object */ = {
			isa = PBXProject;
			attributes = {
				LastUpgradeCheck = 0510;
				ORGANIZATIONNAME = "Roman Kot";
				TargetAttributes = {
					42A6A57C18CBA3BF0043233C = {
						DevelopmentTeam = 75ZZLAH8MX;
					};
					42A6A59D18CBA3BF0043233C = {
						TestTargetID = 42A6A57C18CBA3BF0043233C;
					};
				};
			};
			buildConfigurationList = 42A6A57818CBA3BF0043233C /* Build configuration list for PBXProject "icanvass" */;
			compatibilityVersion = "Xcode 3.2";
			developmentRegion = English;
			hasScannedForEncodings = 0;
			knownRegions = (
				en,
				Base,
			);
			mainGroup = 42A6A57418CBA3BF0043233C;
			productRefGroup = 42A6A57E18CBA3BF0043233C /* Products */;
			projectDirPath = "";
			projectRoot = "";
			targets = (
				42A6A57C18CBA3BF0043233C /* door2doorapp */,
				42A6A59D18CBA3BF0043233C /* icanvassTests */,
			);
		};
/* End PBXProject section */

/* Begin PBXResourcesBuildPhase section */
		42A6A57B18CBA3BF0043233C /* Resources */ = {
			isa = PBXResourcesBuildPhase;
			buildActionMask = 2147483647;
			files = (
				42B3A6BD18E8C5E700B46FBF /* MPArrowRight@2x.png in Resources */,
				42B3A68518E8903600B46FBF /* satellite@2x.png in Resources */,
				427E8A391901CFC30092504A /* AppIcon72x72@2x.png in Resources */,
				42B3A6BB18E8C5E700B46FBF /* MPArrowLeft@2x.png in Resources */,
				427E8A3D1901CFC30092504A /* iTunesArtwork@2x.png in Resources */,
				427E8A381901CFC30092504A /* AppIcon72x72.png in Resources */,
				42B3A6C118E8C5E700B46FBF /* MPCloseBtn@2x.png in Resources */,
				427E8A331901CFC30092504A /* AppIcon50x50@2x.png in Resources */,
				42B3A6BF18E8C5E700B46FBF /* MPCheckmark@2x.png in Resources */,
				427E8A311901CFC30092504A /* AppIcon40x40@2x.png in Resources */,
				42B3A68218E8903600B46FBF /* logout@2x.png in Resources */,
				42B3A6CA18E8C5E700B46FBF /* MPSurvey.storyboard in Resources */,
				427E8A371901CFC30092504A /* AppIcon60x60@2x.png in Resources */,
				42B3A6BE18E8C5E700B46FBF /* MPCheckmark.png in Resources */,
				42B3A68618E8903600B46FBF /* support@2x.png in Resources */,
				427E8A3A1901CFC30092504A /* AppIcon76x76.png in Resources */,
				42B3A68318E8903600B46FBF /* questions@2x.png in Resources */,
				427E8A2E1901CFC30092504A /* AppIcon29x29.png in Resources */,
				42B3A6C018E8C5E700B46FBF /* MPCloseBtn.png in Resources */,
				42B3A6BC18E8C5E700B46FBF /* MPArrowRight.png in Resources */,
				427E8A321901CFC30092504A /* AppIcon50x50.png in Resources */,
				42B3A67618E82FB900B46FBF /* InfoView.xib in Resources */,
				42A6A59918CBA3BF0043233C /* Images.xcassets in Resources */,
				42FA1F6518E1DF970015D137 /* ListHeader.xib in Resources */,
				42B3A67F18E8903600B46FBF /* adduser@2x.png in Resources */,
				427E8A361901CFC30092504A /* AppIcon60x60.png in Resources */,
				427E8A1D1901B5CD0092504A /* Default-568h@2x.png in Resources */,
				42A6A58B18CBA3BF0043233C /* InfoPlist.strings in Resources */,
				427E8A1819005F290092504A /* logo@2x.png in Resources */,
				42B3A68018E8903600B46FBF /* delete@2x.png in Resources */,
				42A6A59418CBA3BF0043233C /* Main.storyboard in Resources */,
				42B3A6C218E8C5E700B46FBF /* MPDismissKeyboard.png in Resources */,
				42284F6618D256DB0087941E /* GoogleMaps.bundle in Resources */,
				42B3A6C718E8C5E700B46FBF /* MPNotification.storyboard in Resources */,
				42B3A6C518E8C5E700B46FBF /* MPLogo@2x.png in Resources */,
				427E8A301901CFC30092504A /* AppIcon40x40.png in Resources */,
				427E8A341901CFC30092504A /* AppIcon57x57.png in Resources */,
				42B3A6C318E8C5E700B46FBF /* MPDismissKeyboard@2x.png in Resources */,
				427E8A351901CFC30092504A /* AppIcon57x57@2x.png in Resources */,
				42B3A69118E8C3E100B46FBF /* FreshdeskSDKResources.bundle in Resources */,
				42B3A6BA18E8C5E700B46FBF /* MPArrowLeft.png in Resources */,
				42B3A6C418E8C5E700B46FBF /* MPLogo.png in Resources */,
				427E8A2F1901CFC30092504A /* AppIcon29x29@2x.png in Resources */,
				42B3A68818E891C200B46FBF /* status@2x.png in Resources */,
				42B3A68418E8903600B46FBF /* reports@2x.png in Resources */,
				42B3A68118E8903600B46FBF /* home@2x.png in Resources */,
				42B3A68A18E89B2600B46FBF /* bg@2x.png in Resources */,
				427E8A3B1901CFC30092504A /* AppIcon76x76@2x.png in Resources */,
				427E8A3C1901CFC30092504A /* iTunesArtwork.png in Resources */,
			);
			runOnlyForDeploymentPostprocessing = 0;
		};
		42A6A59C18CBA3BF0043233C /* Resources */ = {
			isa = PBXResourcesBuildPhase;
			buildActionMask = 2147483647;
			files = (
				42A6A5AA18CBA3BF0043233C /* InfoPlist.strings in Resources */,
			);
			runOnlyForDeploymentPostprocessing = 0;
		};
/* End PBXResourcesBuildPhase section */

/* Begin PBXSourcesBuildPhase section */
		42A6A57918CBA3BF0043233C /* Sources */ = {
			isa = PBXSourcesBuildPhase;
			buildActionMask = 2147483647;
			files = (
				42B3A67418E8023300B46FBF /* DetailsTableViewCell.m in Sources */,
				423EA49118E0B4DB00E22FF8 /* GoToWebsiteViewController.m in Sources */,
				42B3A6D518E9781800B46FBF /* DatePickerViewController.m in Sources */,
				42B3A6D818E9783500B46FBF /* DropDownViewController.m in Sources */,
				42A7BEC718D719BF00973EA8 /* UIProgressView+AFNetworking.m in Sources */,
				42A7BEC618D719BF00973EA8 /* UIImageView+AFNetworking.m in Sources */,
				42284F9218D26AF10087941E /* AFHTTPRequestOperation.m in Sources */,
				73BFB8C3195D670C00952C9A /* NoteViewController.m in Sources */,
				42B3A6CB18E8C5E700B46FBF /* MPSurveyNavigationController.m in Sources */,
				42C35AE318E21E6700E83545 /* FilterViewController.m in Sources */,
				42A6A59718CBA3BF0043233C /* HomeViewController.m in Sources */,
				42D28CE918E08285005E1758 /* LeftDrawerViewController.m in Sources */,
				42B3A6D218E8C5E700B46FBF /* UIView+MPSnapshotImage.m in Sources */,
				42B3A6C818E8C5E700B46FBF /* MPNotificationViewController.m in Sources */,
				42B3A6CE18E8C5E700B46FBF /* NSData+MPBase64.m in Sources */,
				42284F5418D253F60087941E /* pins.xcdatamodel in Sources */,
				42A7BEAC18D5B02900973EA8 /* utilities.m in Sources */,
				42BBFF3218D3996E0065D4C3 /* Pins.m in Sources */,
				42B3A6B918E8C5E700B46FBF /* Mixpanel.m in Sources */,
				42A6A59118CBA3BF0043233C /* AppDelegate.m in Sources */,
				42B3A67118E7161900B46FBF /* Fields.m in Sources */,
				42A7BEC318D719BF00973EA8 /* UIActivityIndicatorView+AFNetworking.m in Sources */,
				42D28CE618E06702005E1758 /* UIViewController+MMDrawerController.m in Sources */,
				42B3A6D118E8C5E700B46FBF /* UIImage+MPImageEffects.m in Sources */,
				42A6A5BA18CBB5470043233C /* MapController.m in Sources */,
				42A7BEC918D719BF00973EA8 /* UIWebView+AFNetworking.m in Sources */,
				42284F9A18D26AF10087941E /* AFURLSessionManager.m in Sources */,
				42A7BEC218D719BF00973EA8 /* AFNetworkActivityIndicatorManager.m in Sources */,
				42D28CE318E06702005E1758 /* MMDrawerBarButtonItem.m in Sources */,
				42284F9418D26AF10087941E /* AFHTTPSessionManager.m in Sources */,
				42A7BEC418D719BF00973EA8 /* UIAlertView+AFNetworking.m in Sources */,
				42D28CE518E06702005E1758 /* MMDrawerVisualState.m in Sources */,
				42284F0C18D10FC60087941E /* DetailsViewController.m in Sources */,
				42284F9518D26AF10087941E /* AFNetworkReachabilityManager.m in Sources */,
				42A6A58D18CBA3BF0043233C /* main.m in Sources */,
				42B3A6D018E8C5E700B46FBF /* UIImage+MPAverageColor.m in Sources */,
				42A7BECD18D71D7400973EA8 /* PinCell.m in Sources */,
				42284F9918D26AF10087941E /* AFURLResponseSerialization.m in Sources */,
				42BBFF2F18D398210065D4C3 /* RegisterViewController.m in Sources */,
				42284F9D18D26B110087941E /* ICRequestManager.m in Sources */,
				42B3A6C618E8C5E700B46FBF /* MPNotification.m in Sources */,
				4239345A18E2F56E0041EF93 /* DatesPickerViewController.m in Sources */,
				42B3A6C918E8C5E700B46FBF /* MPSurvey.m in Sources */,
				42284F9818D26AF10087941E /* AFURLRequestSerialization.m in Sources */,
				42D28CE418E06702005E1758 /* MMDrawerController.m in Sources */,
				42284F9718D26AF10087941E /* AFURLConnectionOperation.m in Sources */,
				42284F9318D26AF10087941E /* AFHTTPRequestOperationManager.m in Sources */,
				42B3A6CC18E8C5E700B46FBF /* MPSurveyQuestion.m in Sources */,
				42284F6018D254020087941E /* User.m in Sources */,
				42EF82EB18FBFA390045EB0E /* Users.m in Sources */,
				42B3A6CF18E8C5E700B46FBF /* UIColor+MPColor.m in Sources */,
				42284F5F18D254020087941E /* Location.m in Sources */,
				42284F9618D26AF10087941E /* AFSecurityPolicy.m in Sources */,
				42A6A5B718CBB52C0043233C /* ListController.m in Sources */,
				42284F5E18D254020087941E /* Status.m in Sources */,
				42A7BEC518D719BF00973EA8 /* UIButton+AFNetworking.m in Sources */,
				42A7BEC818D719BF00973EA8 /* UIRefreshControl+AFNetworking.m in Sources */,
				427E8A1B190081400092504A /* AlmostDoneViewController.m in Sources */,
				42B3A66A18E5734800B46FBF /* PocketSVG.m in Sources */,
				42A7BEAF18D7150200973EA8 /* PinTemp.m in Sources */,
				42BBFF2C18D395FA0065D4C3 /* LoginViewController.m in Sources */,
				42B3A6CD18E8C5E700B46FBF /* MPSurveyQuestionViewController.m in Sources */,
				42284F5D18D254020087941E /* Pin.m in Sources */,
			);
			runOnlyForDeploymentPostprocessing = 0;
		};
		42A6A59A18CBA3BF0043233C /* Sources */ = {
			isa = PBXSourcesBuildPhase;
			buildActionMask = 2147483647;
			files = (
				42A6A5AC18CBA3BF0043233C /* icanvassTests.m in Sources */,
			);
			runOnlyForDeploymentPostprocessing = 0;
		};
/* End PBXSourcesBuildPhase section */

/* Begin PBXTargetDependency section */
		42A6A5A418CBA3BF0043233C /* PBXTargetDependency */ = {
			isa = PBXTargetDependency;
			target = 42A6A57C18CBA3BF0043233C /* door2doorapp */;
			targetProxy = 42A6A5A318CBA3BF0043233C /* PBXContainerItemProxy */;
		};
/* End PBXTargetDependency section */

/* Begin PBXVariantGroup section */
		42A6A58918CBA3BF0043233C /* InfoPlist.strings */ = {
			isa = PBXVariantGroup;
			children = (
				42A6A58A18CBA3BF0043233C /* en */,
			);
			name = InfoPlist.strings;
			sourceTree = "<group>";
		};
		42A6A59218CBA3BF0043233C /* Main.storyboard */ = {
			isa = PBXVariantGroup;
			children = (
				42A6A59318CBA3BF0043233C /* Base */,
			);
			name = Main.storyboard;
			sourceTree = "<group>";
		};
		42A6A5A818CBA3BF0043233C /* InfoPlist.strings */ = {
			isa = PBXVariantGroup;
			children = (
				42A6A5A918CBA3BF0043233C /* en */,
			);
			name = InfoPlist.strings;
			sourceTree = "<group>";
		};
/* End PBXVariantGroup section */

/* Begin XCBuildConfiguration section */
		42A6A5AD18CBA3BF0043233C /* Debug */ = {
			isa = XCBuildConfiguration;
			buildSettings = {
				ALWAYS_SEARCH_USER_PATHS = NO;
				CLANG_CXX_LANGUAGE_STANDARD = "gnu++0x";
				CLANG_CXX_LIBRARY = "libc++";
				CLANG_ENABLE_MODULES = YES;
				CLANG_ENABLE_OBJC_ARC = YES;
				CLANG_WARN_BOOL_CONVERSION = YES;
				CLANG_WARN_CONSTANT_CONVERSION = YES;
				CLANG_WARN_DIRECT_OBJC_ISA_USAGE = YES_ERROR;
				CLANG_WARN_EMPTY_BODY = YES;
				CLANG_WARN_ENUM_CONVERSION = YES;
				CLANG_WARN_INT_CONVERSION = YES;
				CLANG_WARN_OBJC_ROOT_CLASS = YES_ERROR;
				CLANG_WARN__DUPLICATE_METHOD_MATCH = YES;
				"CODE_SIGN_IDENTITY[sdk=iphoneos*]" = "iPhone Developer";
				COPY_PHASE_STRIP = NO;
				GCC_C_LANGUAGE_STANDARD = gnu99;
				GCC_DYNAMIC_NO_PIC = NO;
				GCC_OPTIMIZATION_LEVEL = 0;
				GCC_PREPROCESSOR_DEFINITIONS = (
					"DEBUG=1",
					"$(inherited)",
				);
				GCC_SYMBOLS_PRIVATE_EXTERN = NO;
				GCC_WARN_64_TO_32_BIT_CONVERSION = YES;
				GCC_WARN_ABOUT_RETURN_TYPE = YES_ERROR;
				GCC_WARN_UNDECLARED_SELECTOR = YES;
				GCC_WARN_UNINITIALIZED_AUTOS = YES;
				GCC_WARN_UNUSED_FUNCTION = YES;
				GCC_WARN_UNUSED_VARIABLE = YES;
				IPHONEOS_DEPLOYMENT_TARGET = 6.1;
				ONLY_ACTIVE_ARCH = YES;
				OTHER_LDFLAGS = "-ObjC";
				SDKROOT = iphoneos;
			};
			name = Debug;
		};
		42A6A5AE18CBA3BF0043233C /* Release */ = {
			isa = XCBuildConfiguration;
			buildSettings = {
				ALWAYS_SEARCH_USER_PATHS = NO;
				CLANG_CXX_LANGUAGE_STANDARD = "gnu++0x";
				CLANG_CXX_LIBRARY = "libc++";
				CLANG_ENABLE_MODULES = YES;
				CLANG_ENABLE_OBJC_ARC = YES;
				CLANG_WARN_BOOL_CONVERSION = YES;
				CLANG_WARN_CONSTANT_CONVERSION = YES;
				CLANG_WARN_DIRECT_OBJC_ISA_USAGE = YES_ERROR;
				CLANG_WARN_EMPTY_BODY = YES;
				CLANG_WARN_ENUM_CONVERSION = YES;
				CLANG_WARN_INT_CONVERSION = YES;
				CLANG_WARN_OBJC_ROOT_CLASS = YES_ERROR;
				CLANG_WARN__DUPLICATE_METHOD_MATCH = YES;
				"CODE_SIGN_IDENTITY[sdk=iphoneos*]" = "iPhone Developer";
				COPY_PHASE_STRIP = YES;
				ENABLE_NS_ASSERTIONS = NO;
				GCC_C_LANGUAGE_STANDARD = gnu99;
				GCC_WARN_64_TO_32_BIT_CONVERSION = YES;
				GCC_WARN_ABOUT_RETURN_TYPE = YES_ERROR;
				GCC_WARN_UNDECLARED_SELECTOR = YES;
				GCC_WARN_UNINITIALIZED_AUTOS = YES;
				GCC_WARN_UNUSED_FUNCTION = YES;
				GCC_WARN_UNUSED_VARIABLE = YES;
				IPHONEOS_DEPLOYMENT_TARGET = 6.1;
				OTHER_LDFLAGS = "-ObjC";
				SDKROOT = iphoneos;
				VALIDATE_PRODUCT = YES;
			};
			name = Release;
		};
		42A6A5B018CBA3BF0043233C /* Debug */ = {
			isa = XCBuildConfiguration;
			buildSettings = {
				ARCHS = (
					armv7,
					armv7s,
				);
				CODE_SIGN_IDENTITY = "iPhone Developer";
				"CODE_SIGN_IDENTITY[sdk=iphoneos*]" = "iPhone Developer";
				FRAMEWORK_SEARCH_PATHS = (
					"$(inherited)",
					"$(PROJECT_DIR)/icanvass/FreshdeskSDK-iosuniversal",
					"$(PROJECT_DIR)",
				);
				GCC_PRECOMPILE_PREFIX_HEADER = YES;
				GCC_PREFIX_HEADER = "icanvass/icanvass-Prefix.pch";
				INFOPLIST_FILE = "icanvass/icanvass-Info.plist";
				PRODUCT_NAME = "$(TARGET_NAME)";
				PROVISIONING_PROFILE = "32970C29-39E7-4105-A532-FB52F8CDDD29";
				TARGETED_DEVICE_FAMILY = 1;
				VALID_ARCHS = "armv7 armv7s";
				WRAPPER_EXTENSION = app;
			};
			name = Debug;
		};
		42A6A5B118CBA3BF0043233C /* Release */ = {
			isa = XCBuildConfiguration;
			buildSettings = {
				ARCHS = (
					armv7,
					armv7s,
				);
				CODE_SIGN_IDENTITY = "iPhone Distribution";
				"CODE_SIGN_IDENTITY[sdk=iphoneos*]" = "iPhone Distribution";
				FRAMEWORK_SEARCH_PATHS = (
					"$(inherited)",
					"$(PROJECT_DIR)/icanvass/FreshdeskSDK-iosuniversal",
					"$(PROJECT_DIR)",
				);
				GCC_PRECOMPILE_PREFIX_HEADER = YES;
				GCC_PREFIX_HEADER = "icanvass/icanvass-Prefix.pch";
				INFOPLIST_FILE = "icanvass/icanvass-Info.plist";
				PRODUCT_NAME = "$(TARGET_NAME)";
				PROVISIONING_PROFILE = "32970C29-39E7-4105-A532-FB52F8CDDD29";
				TARGETED_DEVICE_FAMILY = 1;
				VALID_ARCHS = "armv7 armv7s";
				WRAPPER_EXTENSION = app;
			};
			name = Release;
		};
		42A6A5B318CBA3BF0043233C /* Debug */ = {
			isa = XCBuildConfiguration;
			buildSettings = {
				BUNDLE_LOADER = "$(BUILT_PRODUCTS_DIR)/icanvass.app/icanvass";
				FRAMEWORK_SEARCH_PATHS = (
					"$(SDKROOT)/Developer/Library/Frameworks",
					"$(inherited)",
					"$(DEVELOPER_FRAMEWORKS_DIR)",
				);
				GCC_PRECOMPILE_PREFIX_HEADER = YES;
				GCC_PREFIX_HEADER = "icanvass/icanvass-Prefix.pch";
				GCC_PREPROCESSOR_DEFINITIONS = (
					"DEBUG=1",
					"$(inherited)",
				);
				INFOPLIST_FILE = "icanvassTests/icanvassTests-Info.plist";
				PRODUCT_NAME = "$(TARGET_NAME)";
				TEST_HOST = "$(BUNDLE_LOADER)";
				WRAPPER_EXTENSION = xctest;
			};
			name = Debug;
		};
		42A6A5B418CBA3BF0043233C /* Release */ = {
			isa = XCBuildConfiguration;
			buildSettings = {
				BUNDLE_LOADER = "$(BUILT_PRODUCTS_DIR)/icanvass.app/icanvass";
				FRAMEWORK_SEARCH_PATHS = (
					"$(SDKROOT)/Developer/Library/Frameworks",
					"$(inherited)",
					"$(DEVELOPER_FRAMEWORKS_DIR)",
				);
				GCC_PRECOMPILE_PREFIX_HEADER = YES;
				GCC_PREFIX_HEADER = "icanvass/icanvass-Prefix.pch";
				INFOPLIST_FILE = "icanvassTests/icanvassTests-Info.plist";
				PRODUCT_NAME = "$(TARGET_NAME)";
				TEST_HOST = "$(BUNDLE_LOADER)";
				WRAPPER_EXTENSION = xctest;
			};
			name = Release;
		};
/* End XCBuildConfiguration section */

/* Begin XCConfigurationList section */
		42A6A57818CBA3BF0043233C /* Build configuration list for PBXProject "icanvass" */ = {
			isa = XCConfigurationList;
			buildConfigurations = (
				42A6A5AD18CBA3BF0043233C /* Debug */,
				42A6A5AE18CBA3BF0043233C /* Release */,
			);
			defaultConfigurationIsVisible = 0;
			defaultConfigurationName = Release;
		};
		42A6A5AF18CBA3BF0043233C /* Build configuration list for PBXNativeTarget "door2doorapp" */ = {
			isa = XCConfigurationList;
			buildConfigurations = (
				42A6A5B018CBA3BF0043233C /* Debug */,
				42A6A5B118CBA3BF0043233C /* Release */,
			);
			defaultConfigurationIsVisible = 0;
			defaultConfigurationName = Release;
		};
		42A6A5B218CBA3BF0043233C /* Build configuration list for PBXNativeTarget "icanvassTests" */ = {
			isa = XCConfigurationList;
			buildConfigurations = (
				42A6A5B318CBA3BF0043233C /* Debug */,
				42A6A5B418CBA3BF0043233C /* Release */,
			);
			defaultConfigurationIsVisible = 0;
			defaultConfigurationName = Release;
		};
/* End XCConfigurationList section */
	};
	rootObject = 42A6A57518CBA3BF0043233C /* Project object */;
}
